// !$*UTF8*$!
{
	archiveVersion = 1;
	classes = {
	};
	objectVersion = 46;
	objects = {

/* Begin PBXBuildFile section */
		96D6371B1DC858CD00C13088 /* dbwt_queue.c in Sources */ = {isa = PBXBuildFile; fileRef = 96D637131DC858CD00C13088 /* dbwt_queue.c */; };
		96D6371C1DC858CD00C13088 /* dbwt_utils.c in Sources */ = {isa = PBXBuildFile; fileRef = 96D637151DC858CD00C13088 /* dbwt_utils.c */; };
		96D6371D1DC858CD00C13088 /* dbwt.c in Sources */ = {isa = PBXBuildFile; fileRef = 96D637171DC858CD00C13088 /* dbwt.c */; };
		96D6371E1DC858CD00C13088 /* main.c in Sources */ = {isa = PBXBuildFile; fileRef = 96D637191DC858CD00C13088 /* main.c */; };
		96D6371F1DC858CD00C13088 /* sais.c in Sources */ = {isa = PBXBuildFile; fileRef = 96D6371A1DC858CD00C13088 /* sais.c */; };
/* End PBXBuildFile section */

/* Begin PBXCopyFilesBuildPhase section */
		96D636701DC6FA6700C13088 /* CopyFiles */ = {
			isa = PBXCopyFilesBuildPhase;
			buildActionMask = 2147483647;
			dstPath = /usr/share/man/man1/;
			dstSubfolderSpec = 0;
			files = (
			);
			runOnlyForDeploymentPostprocessing = 1;
		};
/* End PBXCopyFilesBuildPhase section */

/* Begin PBXFileReference section */
		96D636721DC6FA6700C13088 /* djamal_bwt */ = {isa = PBXFileReference; explicitFileType = "compiled.mach-o.executable"; includeInIndex = 0; path = djamal_bwt; sourceTree = BUILT_PRODUCTS_DIR; };
		96D636D61DC83F3700C13088 /* libciao.a */ = {isa = PBXFileReference; lastKnownFileType = archive.ar; name = libciao.a; path = "../../../../../Library/Developer/Xcode/DerivedData/ciao-ghndntncdlzbwphfgemwnsyvfhaz/Build/Products/Debug/libciao.a"; sourceTree = "<group>"; };
		96D637131DC858CD00C13088 /* dbwt_queue.c */ = {isa = PBXFileReference; fileEncoding = 4; lastKnownFileType = sourcecode.c.c; name = dbwt_queue.c; path = bwt/dbwt_queue.c; sourceTree = SOURCE_ROOT; };
		96D637141DC858CD00C13088 /* dbwt_queue.h */ = {isa = PBXFileReference; fileEncoding = 4; lastKnownFileType = sourcecode.c.h; name = dbwt_queue.h; path = bwt/dbwt_queue.h; sourceTree = SOURCE_ROOT; };
		96D637151DC858CD00C13088 /* dbwt_utils.c */ = {isa = PBXFileReference; fileEncoding = 4; lastKnownFileType = sourcecode.c.c; name = dbwt_utils.c; path = bwt/dbwt_utils.c; sourceTree = SOURCE_ROOT; };
		96D637161DC858CD00C13088 /* dbwt_utils.h */ = {isa = PBXFileReference; fileEncoding = 4; lastKnownFileType = sourcecode.c.h; name = dbwt_utils.h; path = bwt/dbwt_utils.h; sourceTree = SOURCE_ROOT; };
		96D637171DC858CD00C13088 /* dbwt.c */ = {isa = PBXFileReference; fileEncoding = 4; lastKnownFileType = sourcecode.c.c; name = dbwt.c; path = bwt/dbwt.c; sourceTree = SOURCE_ROOT; };
		96D637181DC858CD00C13088 /* dbwt.h */ = {isa = PBXFileReference; fileEncoding = 4; lastKnownFileType = sourcecode.c.h; name = dbwt.h; path = bwt/dbwt.h; sourceTree = SOURCE_ROOT; };
		96D637191DC858CD00C13088 /* main.c */ = {isa = PBXFileReference; fileEncoding = 4; lastKnownFileType = sourcecode.c.c; name = main.c; path = bwt/main.c; sourceTree = SOURCE_ROOT; };
		96D6371A1DC858CD00C13088 /* sais.c */ = {isa = PBXFileReference; fileEncoding = 4; lastKnownFileType = sourcecode.c.c; name = sais.c; path = bwt/sais.c; sourceTree = SOURCE_ROOT; };
/* End PBXFileReference section */

/* Begin PBXFrameworksBuildPhase section */
		96D6366F1DC6FA6700C13088 /* Frameworks */ = {
			isa = PBXFrameworksBuildPhase;
			buildActionMask = 2147483647;
			files = (
			);
			runOnlyForDeploymentPostprocessing = 0;
		};
/* End PBXFrameworksBuildPhase section */

/* Begin PBXGroup section */
		96D636691DC6FA6700C13088 = {
			isa = PBXGroup;
			children = (
				96D636741DC6FA6700C13088 /* bwt */,
				96D636731DC6FA6700C13088 /* Products */,
				96D636D51DC83F3700C13088 /* Frameworks */,
			);
			sourceTree = "<group>";
		};
		96D636731DC6FA6700C13088 /* Products */ = {
			isa = PBXGroup;
			children = (
				96D636721DC6FA6700C13088 /* djamal_bwt */,
			);
			name = Products;
			sourceTree = "<group>";
		};
		96D636741DC6FA6700C13088 /* bwt */ = {
			isa = PBXGroup;
			children = (
				96D637131DC858CD00C13088 /* dbwt_queue.c */,
				96D637141DC858CD00C13088 /* dbwt_queue.h */,
				96D637151DC858CD00C13088 /* dbwt_utils.c */,
				96D637161DC858CD00C13088 /* dbwt_utils.h */,
				96D637171DC858CD00C13088 /* dbwt.c */,
				96D637181DC858CD00C13088 /* dbwt.h */,
				96D637191DC858CD00C13088 /* main.c */,
				96D6371A1DC858CD00C13088 /* sais.c */,
			);
			name = bwt;
			path = djamal_bwt;
			sourceTree = "<group>";
		};
		96D636D51DC83F3700C13088 /* Frameworks */ = {
			isa = PBXGroup;
			children = (
				96D636D61DC83F3700C13088 /* libciao.a */,
			);
			name = Frameworks;
			sourceTree = "<group>";
		};
/* End PBXGroup section */

/* Begin PBXNativeTarget section */
		96D636711DC6FA6700C13088 /* djamal_bwt */ = {
			isa = PBXNativeTarget;
			buildConfigurationList = 96D636791DC6FA6700C13088 /* Build configuration list for PBXNativeTarget "djamal_bwt" */;
			buildPhases = (
				96D6366E1DC6FA6700C13088 /* Sources */,
				96D6366F1DC6FA6700C13088 /* Frameworks */,
				96D636701DC6FA6700C13088 /* CopyFiles */,
			);
			buildRules = (
			);
			dependencies = (
			);
			name = djamal_bwt;
			productName = djamal_bwt;
			productReference = 96D636721DC6FA6700C13088 /* djamal_bwt */;
			productType = "com.apple.product-type.tool";
		};
/* End PBXNativeTarget section */

/* Begin PBXProject section */
		96D6366A1DC6FA6700C13088 /* Project object */ = {
			isa = PBXProject;
			attributes = {
				LastUpgradeCheck = 0800;
				ORGANIZATIONNAME = denas;
				TargetAttributes = {
					96D636711DC6FA6700C13088 = {
						CreatedOnToolsVersion = 8.0;
						ProvisioningStyle = Automatic;
					};
				};
			};
			buildConfigurationList = 96D6366D1DC6FA6700C13088 /* Build configuration list for PBXProject "djamal_bwt" */;
			compatibilityVersion = "Xcode 3.2";
			developmentRegion = English;
			hasScannedForEncodings = 0;
			knownRegions = (
				en,
			);
			mainGroup = 96D636691DC6FA6700C13088;
			productRefGroup = 96D636731DC6FA6700C13088 /* Products */;
			projectDirPath = "";
			projectRoot = "";
			targets = (
				96D636711DC6FA6700C13088 /* djamal_bwt */,
			);
		};
/* End PBXProject section */

/* Begin PBXSourcesBuildPhase section */
		96D6366E1DC6FA6700C13088 /* Sources */ = {
			isa = PBXSourcesBuildPhase;
			buildActionMask = 2147483647;
			files = (
				96D6371F1DC858CD00C13088 /* sais.c in Sources */,
				96D6371E1DC858CD00C13088 /* main.c in Sources */,
				96D6371D1DC858CD00C13088 /* dbwt.c in Sources */,
				96D6371C1DC858CD00C13088 /* dbwt_utils.c in Sources */,
				96D6371B1DC858CD00C13088 /* dbwt_queue.c in Sources */,
			);
			runOnlyForDeploymentPostprocessing = 0;
		};
/* End PBXSourcesBuildPhase section */

/* Begin XCBuildConfiguration section */
		96D636771DC6FA6700C13088 /* Debug */ = {
			isa = XCBuildConfiguration;
			buildSettings = {
				ALWAYS_SEARCH_USER_PATHS = NO;
				CLANG_ANALYZER_NONNULL = YES;
				CLANG_CXX_LANGUAGE_STANDARD = "gnu++0x";
				CLANG_CXX_LIBRARY = "libc++";
				CLANG_ENABLE_MODULES = YES;
				CLANG_ENABLE_OBJC_ARC = YES;
				CLANG_WARN_BOOL_CONVERSION = YES;
				CLANG_WARN_CONSTANT_CONVERSION = YES;
				CLANG_WARN_DIRECT_OBJC_ISA_USAGE = YES_ERROR;
				CLANG_WARN_DOCUMENTATION_COMMENTS = YES;
				CLANG_WARN_EMPTY_BODY = YES;
				CLANG_WARN_ENUM_CONVERSION = YES;
				CLANG_WARN_INFINITE_RECURSION = YES;
				CLANG_WARN_INT_CONVERSION = YES;
				CLANG_WARN_OBJC_ROOT_CLASS = YES_ERROR;
				CLANG_WARN_SUSPICIOUS_MOVES = YES;
				CLANG_WARN_UNREACHABLE_CODE = YES;
				CLANG_WARN__DUPLICATE_METHOD_MATCH = YES;
				CODE_SIGN_IDENTITY = "-";
				COPY_PHASE_STRIP = NO;
				DEBUG_INFORMATION_FORMAT = dwarf;
				ENABLE_STRICT_OBJC_MSGSEND = YES;
				ENABLE_TESTABILITY = YES;
				GCC_C_LANGUAGE_STANDARD = gnu99;
				GCC_DYNAMIC_NO_PIC = NO;
				GCC_NO_COMMON_BLOCKS = YES;
				GCC_OPTIMIZATION_LEVEL = 0;
				GCC_PREPROCESSOR_DEFINITIONS = (
					"DEBUG=1",
					"$(inherited)",
				);
				GCC_WARN_64_TO_32_BIT_CONVERSION = YES;
				GCC_WARN_ABOUT_RETURN_TYPE = YES_ERROR;
				GCC_WARN_UNDECLARED_SELECTOR = YES;
				GCC_WARN_UNINITIALIZED_AUTOS = YES_AGGRESSIVE;
				GCC_WARN_UNUSED_FUNCTION = YES;
				GCC_WARN_UNUSED_VARIABLE = YES;
				MACOSX_DEPLOYMENT_TARGET = 10.11;
				MTL_ENABLE_DEBUG_INFO = YES;
				ONLY_ACTIVE_ARCH = YES;
				SDKROOT = macosx;
			};
			name = Debug;
		};
		96D636781DC6FA6700C13088 /* Release */ = {
			isa = XCBuildConfiguration;
			buildSettings = {
				ALWAYS_SEARCH_USER_PATHS = NO;
				CLANG_ANALYZER_NONNULL = YES;
				CLANG_CXX_LANGUAGE_STANDARD = "gnu++0x";
				CLANG_CXX_LIBRARY = "libc++";
				CLANG_ENABLE_MODULES = YES;
				CLANG_ENABLE_OBJC_ARC = YES;
				CLANG_WARN_BOOL_CONVERSION = YES;
				CLANG_WARN_CONSTANT_CONVERSION = YES;
				CLANG_WARN_DIRECT_OBJC_ISA_USAGE = YES_ERROR;
				CLANG_WARN_DOCUMENTATION_COMMENTS = YES;
				CLANG_WARN_EMPTY_BODY = YES;
				CLANG_WARN_ENUM_CONVERSION = YES;
				CLANG_WARN_INFINITE_RECURSION = YES;
				CLANG_WARN_INT_CONVERSION = YES;
				CLANG_WARN_OBJC_ROOT_CLASS = YES_ERROR;
				CLANG_WARN_SUSPICIOUS_MOVES = YES;
				CLANG_WARN_UNREACHABLE_CODE = YES;
				CLANG_WARN__DUPLICATE_METHOD_MATCH = YES;
				CODE_SIGN_IDENTITY = "-";
				COPY_PHASE_STRIP = NO;
				DEBUG_INFORMATION_FORMAT = "dwarf-with-dsym";
				ENABLE_NS_ASSERTIONS = NO;
				ENABLE_STRICT_OBJC_MSGSEND = YES;
				GCC_C_LANGUAGE_STANDARD = gnu99;
				GCC_NO_COMMON_BLOCKS = YES;
				GCC_WARN_64_TO_32_BIT_CONVERSION = YES;
				GCC_WARN_ABOUT_RETURN_TYPE = YES_ERROR;
				GCC_WARN_UNDECLARED_SELECTOR = YES;
				GCC_WARN_UNINITIALIZED_AUTOS = YES_AGGRESSIVE;
				GCC_WARN_UNUSED_FUNCTION = YES;
				GCC_WARN_UNUSED_VARIABLE = YES;
				MACOSX_DEPLOYMENT_TARGET = 10.11;
				MTL_ENABLE_DEBUG_INFO = NO;
				SDKROOT = macosx;
			};
			name = Release;
		};
		96D6367A1DC6FA6700C13088 /* Debug */ = {
			isa = XCBuildConfiguration;
			buildSettings = {
				PRODUCT_NAME = "$(TARGET_NAME)";
			};
			name = Debug;
		};
		96D6367B1DC6FA6700C13088 /* Release */ = {
			isa = XCBuildConfiguration;
			buildSettings = {
				PRODUCT_NAME = "$(TARGET_NAME)";
			};
			name = Release;
		};
/* End XCBuildConfiguration section */

/* Begin XCConfigurationList section */
		96D6366D1DC6FA6700C13088 /* Build configuration list for PBXProject "djamal_bwt" */ = {
			isa = XCConfigurationList;
			buildConfigurations = (
				96D636771DC6FA6700C13088 /* Debug */,
				96D636781DC6FA6700C13088 /* Release */,
			);
			defaultConfigurationIsVisible = 0;
			defaultConfigurationName = Release;
		};
		96D636791DC6FA6700C13088 /* Build configuration list for PBXNativeTarget "djamal_bwt" */ = {
			isa = XCConfigurationList;
			buildConfigurations = (
				96D6367A1DC6FA6700C13088 /* Debug */,
				96D6367B1DC6FA6700C13088 /* Release */,
			);
			defaultConfigurationIsVisible = 0;
			defaultConfigurationName = Release;
		};
/* End XCConfigurationList section */
	};
	rootObject = 96D6366A1DC6FA6700C13088 /* Project object */;
}
