// !$*UTF8*$!
{
	archiveVersion = 1;
	classes = {
	};
	objectVersion = 46;
	objects = {

/* Begin PBXBuildFile section */
		9600B8071E3892A7006F2605 /* libbwt.a in Frameworks */ = {isa = PBXBuildFile; fileRef = 960186021DD5BFB600FFCB38 /* libbwt.a */; };
		9600B8081E3892A7006F2605 /* libdivsufsort.a in Frameworks */ = {isa = PBXBuildFile; fileRef = 96D636DC1DC846B500C13088 /* libdivsufsort.a */; };
		9600B8091E3892A7006F2605 /* libdivsufsort64.a in Frameworks */ = {isa = PBXBuildFile; fileRef = 96D636DD1DC846B500C13088 /* libdivsufsort64.a */; };
		9600B80A1E3892A7006F2605 /* libsdsl.a in Frameworks */ = {isa = PBXBuildFile; fileRef = 96D636DE1DC846B500C13088 /* libsdsl.a */; };
		960186011DD5A90000FFCB38 /* libbwt.a in Frameworks */ = {isa = PBXBuildFile; fileRef = 960186001DD5A90000FFCB38 /* libbwt.a */; };
		960186031DD5BFB600FFCB38 /* libbwt.a in Frameworks */ = {isa = PBXBuildFile; fileRef = 960186021DD5BFB600FFCB38 /* libbwt.a */; };
		960186101DDAD55A00FFCB38 /* libbwt.a in Frameworks */ = {isa = PBXBuildFile; fileRef = 960186021DD5BFB600FFCB38 /* libbwt.a */; };
		960186111DDAD55A00FFCB38 /* libdivsufsort.a in Frameworks */ = {isa = PBXBuildFile; fileRef = 96D636DC1DC846B500C13088 /* libdivsufsort.a */; };
		960186121DDAD55A00FFCB38 /* libdivsufsort64.a in Frameworks */ = {isa = PBXBuildFile; fileRef = 96D636DD1DC846B500C13088 /* libdivsufsort64.a */; };
		960186131DDAD55A00FFCB38 /* libsdsl.a in Frameworks */ = {isa = PBXBuildFile; fileRef = 96D636DE1DC846B500C13088 /* libsdsl.a */; };
		96186F7F1FAA777800ADD29B /* main.cpp in Sources */ = {isa = PBXBuildFile; fileRef = 96186F7E1FAA777800ADD29B /* main.cpp */; };
		96186F831FAA7E7000ADD29B /* libdivsufsort.a in Frameworks */ = {isa = PBXBuildFile; fileRef = 965E212A1F56A2D8009F3347 /* libdivsufsort.a */; };
		96186F841FAA7E7000ADD29B /* libdivsufsort64.a in Frameworks */ = {isa = PBXBuildFile; fileRef = 965E212B1F56A2D8009F3347 /* libdivsufsort64.a */; };
		96186F851FAA7E7000ADD29B /* libsdsl.a in Frameworks */ = {isa = PBXBuildFile; fileRef = 965E212C1F56A2D8009F3347 /* libsdsl.a */; };
		961A18251E3AE654008D1E8E /* libbwt.a in Frameworks */ = {isa = PBXBuildFile; fileRef = 960186021DD5BFB600FFCB38 /* libbwt.a */; };
		961A18261E3AE654008D1E8E /* libdivsufsort.a in Frameworks */ = {isa = PBXBuildFile; fileRef = 96D636DC1DC846B500C13088 /* libdivsufsort.a */; };
		961A18271E3AE654008D1E8E /* libdivsufsort64.a in Frameworks */ = {isa = PBXBuildFile; fileRef = 96D636DD1DC846B500C13088 /* libdivsufsort64.a */; };
		961A18281E3AE654008D1E8E /* libsdsl.a in Frameworks */ = {isa = PBXBuildFile; fileRef = 96D636DE1DC846B500C13088 /* libsdsl.a */; };
		963048D91E95DE2C00A28BC3 /* libbwt.a in Frameworks */ = {isa = PBXBuildFile; fileRef = 960186021DD5BFB600FFCB38 /* libbwt.a */; };
		963048DA1E95DE2C00A28BC3 /* libdivsufsort.a in Frameworks */ = {isa = PBXBuildFile; fileRef = 96D636DC1DC846B500C13088 /* libdivsufsort.a */; };
		963048DB1E95DE2C00A28BC3 /* libdivsufsort64.a in Frameworks */ = {isa = PBXBuildFile; fileRef = 96D636DD1DC846B500C13088 /* libdivsufsort64.a */; };
		963048DC1E95DE2C00A28BC3 /* libsdsl.a in Frameworks */ = {isa = PBXBuildFile; fileRef = 96D636DE1DC846B500C13088 /* libsdsl.a */; };
		963048EF1E9614F900A28BC3 /* main.cpp in Sources */ = {isa = PBXBuildFile; fileRef = 963048EE1E9614F900A28BC3 /* main.cpp */; };
		963048F31E961ADE00A28BC3 /* libbwt.a in Frameworks */ = {isa = PBXBuildFile; fileRef = 960186021DD5BFB600FFCB38 /* libbwt.a */; };
		963048F41E961ADE00A28BC3 /* libdivsufsort.a in Frameworks */ = {isa = PBXBuildFile; fileRef = 96D636DC1DC846B500C13088 /* libdivsufsort.a */; };
		963048F51E961ADE00A28BC3 /* libdivsufsort64.a in Frameworks */ = {isa = PBXBuildFile; fileRef = 96D636DD1DC846B500C13088 /* libdivsufsort64.a */; };
		963048F61E961ADE00A28BC3 /* libsdsl.a in Frameworks */ = {isa = PBXBuildFile; fileRef = 96D636DE1DC846B500C13088 /* libsdsl.a */; };
		963048FE1E96E81700A28BC3 /* main.cpp in Sources */ = {isa = PBXBuildFile; fileRef = 963048FD1E96E81700A28BC3 /* main.cpp */; };
		963049021E96E86100A28BC3 /* libbwt.a in Frameworks */ = {isa = PBXBuildFile; fileRef = 960186021DD5BFB600FFCB38 /* libbwt.a */; };
		963049031E96E86100A28BC3 /* libdivsufsort.a in Frameworks */ = {isa = PBXBuildFile; fileRef = 96D636DC1DC846B500C13088 /* libdivsufsort.a */; };
		963049041E96E86100A28BC3 /* libdivsufsort64.a in Frameworks */ = {isa = PBXBuildFile; fileRef = 96D636DD1DC846B500C13088 /* libdivsufsort64.a */; };
		963049051E96E86100A28BC3 /* libsdsl.a in Frameworks */ = {isa = PBXBuildFile; fileRef = 96D636DE1DC846B500C13088 /* libsdsl.a */; };
		96329F811E4868D3006167C1 /* libbwt.a in Frameworks */ = {isa = PBXBuildFile; fileRef = 960186021DD5BFB600FFCB38 /* libbwt.a */; };
		96329F821E4868D3006167C1 /* libdivsufsort.a in Frameworks */ = {isa = PBXBuildFile; fileRef = 96D636DC1DC846B500C13088 /* libdivsufsort.a */; };
		96329F831E4868D3006167C1 /* libdivsufsort64.a in Frameworks */ = {isa = PBXBuildFile; fileRef = 96D636DD1DC846B500C13088 /* libdivsufsort64.a */; };
		96329F841E4868D3006167C1 /* libsdsl.a in Frameworks */ = {isa = PBXBuildFile; fileRef = 96D636DE1DC846B500C13088 /* libsdsl.a */; };
		963BBD5F1E367D7700E7D9EF /* main.cpp in Sources */ = {isa = PBXBuildFile; fileRef = 963BBD5E1E367D7700E7D9EF /* main.cpp */; };
		963BBD631E367ED700E7D9EF /* libbwt.a in Frameworks */ = {isa = PBXBuildFile; fileRef = 960186021DD5BFB600FFCB38 /* libbwt.a */; };
		963BBD641E367ED700E7D9EF /* libdivsufsort.a in Frameworks */ = {isa = PBXBuildFile; fileRef = 96D636DC1DC846B500C13088 /* libdivsufsort.a */; };
		963BBD651E367ED700E7D9EF /* libdivsufsort64.a in Frameworks */ = {isa = PBXBuildFile; fileRef = 96D636DD1DC846B500C13088 /* libdivsufsort64.a */; };
		963BBD661E367ED700E7D9EF /* libsdsl.a in Frameworks */ = {isa = PBXBuildFile; fileRef = 96D636DE1DC846B500C13088 /* libsdsl.a */; };
		965B90441F6C56EA004B1583 /* main.cpp in Sources */ = {isa = PBXBuildFile; fileRef = 965B90431F6C56EA004B1583 /* main.cpp */; };
		965B90491F6C584B004B1583 /* libdivsufsort.a in Frameworks */ = {isa = PBXBuildFile; fileRef = 965E212A1F56A2D8009F3347 /* libdivsufsort.a */; };
		965B904A1F6C584B004B1583 /* libdivsufsort64.a in Frameworks */ = {isa = PBXBuildFile; fileRef = 965E212B1F56A2D8009F3347 /* libdivsufsort64.a */; };
		965B904B1F6C584B004B1583 /* libsdsl.a in Frameworks */ = {isa = PBXBuildFile; fileRef = 965E212C1F56A2D8009F3347 /* libsdsl.a */; };
		965E21251F56A298009F3347 /* main.cpp in Sources */ = {isa = PBXBuildFile; fileRef = 965E21241F56A298009F3347 /* main.cpp */; };
		965E212D1F56A2D8009F3347 /* libbwt.a in Frameworks */ = {isa = PBXBuildFile; fileRef = 965E21291F56A2D8009F3347 /* libbwt.a */; };
		965E212E1F56A2D8009F3347 /* libdivsufsort.a in Frameworks */ = {isa = PBXBuildFile; fileRef = 965E212A1F56A2D8009F3347 /* libdivsufsort.a */; };
		965E212F1F56A2D8009F3347 /* libdivsufsort64.a in Frameworks */ = {isa = PBXBuildFile; fileRef = 965E212B1F56A2D8009F3347 /* libdivsufsort64.a */; };
		966871F01F9731080023DED1 /* main.cpp in Sources */ = {isa = PBXBuildFile; fileRef = 966871EF1F9731080023DED1 /* main.cpp */; };
		966871F41F9732BB0023DED1 /* libdivsufsort.a in Frameworks */ = {isa = PBXBuildFile; fileRef = 965E212A1F56A2D8009F3347 /* libdivsufsort.a */; };
		966871F51F9732BB0023DED1 /* libdivsufsort64.a in Frameworks */ = {isa = PBXBuildFile; fileRef = 965E212B1F56A2D8009F3347 /* libdivsufsort64.a */; };
		966871F61F9732BB0023DED1 /* libsdsl.a in Frameworks */ = {isa = PBXBuildFile; fileRef = 965E212C1F56A2D8009F3347 /* libsdsl.a */; };
		966B6DD31E7791D8005BAF6D /* libbwt.a in Frameworks */ = {isa = PBXBuildFile; fileRef = 960186021DD5BFB600FFCB38 /* libbwt.a */; };
		966B6DD41E7791D8005BAF6D /* libdivsufsort.a in Frameworks */ = {isa = PBXBuildFile; fileRef = 96D636DC1DC846B500C13088 /* libdivsufsort.a */; };
		966B6DD51E7791D8005BAF6D /* libdivsufsort64.a in Frameworks */ = {isa = PBXBuildFile; fileRef = 96D636DD1DC846B500C13088 /* libdivsufsort64.a */; };
		966B6DD61E7791D8005BAF6D /* libsdsl.a in Frameworks */ = {isa = PBXBuildFile; fileRef = 96D636DE1DC846B500C13088 /* libsdsl.a */; };
		967C76061DB0CAAC009970B6 /* fd_ms.cpp in Sources */ = {isa = PBXBuildFile; fileRef = 967C75FC1DB0C735009970B6 /* fd_ms.cpp */; };
		96808DA61DFFC25F00F5D60F /* libbwt.a in Frameworks */ = {isa = PBXBuildFile; fileRef = 960186021DD5BFB600FFCB38 /* libbwt.a */; };
		96808DA71DFFC25F00F5D60F /* libdivsufsort.a in Frameworks */ = {isa = PBXBuildFile; fileRef = 96D636DC1DC846B500C13088 /* libdivsufsort.a */; };
		96808DA81DFFC25F00F5D60F /* libdivsufsort64.a in Frameworks */ = {isa = PBXBuildFile; fileRef = 96D636DD1DC846B500C13088 /* libdivsufsort64.a */; };
		96808DA91DFFC25F00F5D60F /* libsdsl.a in Frameworks */ = {isa = PBXBuildFile; fileRef = 96D636DE1DC846B500C13088 /* libsdsl.a */; };
		969625BA1EEA6C690075D9CD /* main.cpp in Sources */ = {isa = PBXBuildFile; fileRef = 969625B91EEA6C690075D9CD /* main.cpp */; };
		969625BE1EEA6C890075D9CD /* libbwt.a in Frameworks */ = {isa = PBXBuildFile; fileRef = 960186021DD5BFB600FFCB38 /* libbwt.a */; };
		969625BF1EEA6C890075D9CD /* libdivsufsort.a in Frameworks */ = {isa = PBXBuildFile; fileRef = 96D636DC1DC846B500C13088 /* libdivsufsort.a */; };
		969625C01EEA6C890075D9CD /* libdivsufsort64.a in Frameworks */ = {isa = PBXBuildFile; fileRef = 96D636DD1DC846B500C13088 /* libdivsufsort64.a */; };
		969625C11EEA6C890075D9CD /* libsdsl.a in Frameworks */ = {isa = PBXBuildFile; fileRef = 96D636DE1DC846B500C13088 /* libsdsl.a */; };
		96AAD41E1DCD2A4C0054A7DC /* libdivsufsort.a in Frameworks */ = {isa = PBXBuildFile; fileRef = 96D636DC1DC846B500C13088 /* libdivsufsort.a */; };
		96AAD41F1DCD2A4C0054A7DC /* libdivsufsort64.a in Frameworks */ = {isa = PBXBuildFile; fileRef = 96D636DD1DC846B500C13088 /* libdivsufsort64.a */; };
		96AAD4201DCD2A4C0054A7DC /* libsdsl.a in Frameworks */ = {isa = PBXBuildFile; fileRef = 96D636DE1DC846B500C13088 /* libsdsl.a */; };
		96B9CE811ED35BD600302A61 /* main.cpp in Sources */ = {isa = PBXBuildFile; fileRef = 96B9CE801ED35BD600302A61 /* main.cpp */; };
		96B9CE851ED35FB200302A61 /* libbwt.a in Frameworks */ = {isa = PBXBuildFile; fileRef = 960186021DD5BFB600FFCB38 /* libbwt.a */; };
		96B9CE861ED35FB200302A61 /* libdivsufsort.a in Frameworks */ = {isa = PBXBuildFile; fileRef = 96D636DC1DC846B500C13088 /* libdivsufsort.a */; };
		96B9CE871ED35FB200302A61 /* libdivsufsort64.a in Frameworks */ = {isa = PBXBuildFile; fileRef = 96D636DD1DC846B500C13088 /* libdivsufsort64.a */; };
		96B9CE881ED35FB200302A61 /* libsdsl.a in Frameworks */ = {isa = PBXBuildFile; fileRef = 96D636DE1DC846B500C13088 /* libsdsl.a */; };
		96B9CE8A1ED3757900302A61 /* libbwt.a in Frameworks */ = {isa = PBXBuildFile; fileRef = 960186021DD5BFB600FFCB38 /* libbwt.a */; };
		96B9CE8B1ED3757900302A61 /* libdivsufsort.a in Frameworks */ = {isa = PBXBuildFile; fileRef = 96D636DC1DC846B500C13088 /* libdivsufsort.a */; };
		96B9CE8C1ED3757900302A61 /* libdivsufsort64.a in Frameworks */ = {isa = PBXBuildFile; fileRef = 96D636DD1DC846B500C13088 /* libdivsufsort64.a */; };
		96B9CE8D1ED3757900302A61 /* libsdsl.a in Frameworks */ = {isa = PBXBuildFile; fileRef = 96D636DE1DC846B500C13088 /* libsdsl.a */; };
		96B9CE951ED3F7F000302A61 /* main.cpp in Sources */ = {isa = PBXBuildFile; fileRef = 96B9CE941ED3F7F000302A61 /* main.cpp */; };
		96B9CE991ED3F8B800302A61 /* libbwt.a in Frameworks */ = {isa = PBXBuildFile; fileRef = 960186021DD5BFB600FFCB38 /* libbwt.a */; };
		96B9CE9A1ED3F8B800302A61 /* libdivsufsort.a in Frameworks */ = {isa = PBXBuildFile; fileRef = 96D636DC1DC846B500C13088 /* libdivsufsort.a */; };
		96B9CE9B1ED3F8B800302A61 /* libdivsufsort64.a in Frameworks */ = {isa = PBXBuildFile; fileRef = 96D636DD1DC846B500C13088 /* libdivsufsort64.a */; };
		96B9CE9C1ED3F8B800302A61 /* libsdsl.a in Frameworks */ = {isa = PBXBuildFile; fileRef = 96D636DE1DC846B500C13088 /* libsdsl.a */; };
		96C67F841F57F3B600DE6E07 /* libsdsl.a in Frameworks */ = {isa = PBXBuildFile; fileRef = 965E212C1F56A2D8009F3347 /* libsdsl.a */; };
		96D636DF1DC846B500C13088 /* libdivsufsort.a in Frameworks */ = {isa = PBXBuildFile; fileRef = 96D636DC1DC846B500C13088 /* libdivsufsort.a */; };
		96D636E01DC846B500C13088 /* libdivsufsort64.a in Frameworks */ = {isa = PBXBuildFile; fileRef = 96D636DD1DC846B500C13088 /* libdivsufsort64.a */; };
		96D636E11DC846B500C13088 /* libsdsl.a in Frameworks */ = {isa = PBXBuildFile; fileRef = 96D636DE1DC846B500C13088 /* libsdsl.a */; };
		96DF3AB31E73E752005C1006 /* libbwt.a in Frameworks */ = {isa = PBXBuildFile; fileRef = 960186021DD5BFB600FFCB38 /* libbwt.a */; };
		96DF3AB41E73E752005C1006 /* libdivsufsort.a in Frameworks */ = {isa = PBXBuildFile; fileRef = 96D636DC1DC846B500C13088 /* libdivsufsort.a */; };
		96DF3AB51E73E752005C1006 /* libdivsufsort64.a in Frameworks */ = {isa = PBXBuildFile; fileRef = 96D636DD1DC846B500C13088 /* libdivsufsort64.a */; };
		96DF3AB61E73E752005C1006 /* libsdsl.a in Frameworks */ = {isa = PBXBuildFile; fileRef = 96D636DE1DC846B500C13088 /* libsdsl.a */; };
		96F15D4B1E3D2DA200F2AD5B /* libbwt.a in Frameworks */ = {isa = PBXBuildFile; fileRef = 960186021DD5BFB600FFCB38 /* libbwt.a */; };
		96F15D4C1E3D2DA200F2AD5B /* libdivsufsort.a in Frameworks */ = {isa = PBXBuildFile; fileRef = 96D636DC1DC846B500C13088 /* libdivsufsort.a */; };
		96F15D4D1E3D2DA200F2AD5B /* libdivsufsort64.a in Frameworks */ = {isa = PBXBuildFile; fileRef = 96D636DD1DC846B500C13088 /* libdivsufsort64.a */; };
		96F15D4E1E3D2DA200F2AD5B /* libsdsl.a in Frameworks */ = {isa = PBXBuildFile; fileRef = 96D636DE1DC846B500C13088 /* libsdsl.a */; };
/* End PBXBuildFile section */

/* Begin PBXCopyFilesBuildPhase section */
		9600B7FE1E388F82006F2605 /* CopyFiles */ = {
			isa = PBXCopyFilesBuildPhase;
			buildActionMask = 2147483647;
			dstPath = /usr/share/man/man1/;
			dstSubfolderSpec = 0;
			files = (
			);
			runOnlyForDeploymentPostprocessing = 1;
		};
		960186071DDAD50300FFCB38 /* CopyFiles */ = {
			isa = PBXCopyFilesBuildPhase;
			buildActionMask = 2147483647;
			dstPath = /usr/share/man/man1/;
			dstSubfolderSpec = 0;
			files = (
			);
			runOnlyForDeploymentPostprocessing = 1;
		};
		96098EBA1EA6DE3D004C5F7D /* CopyFiles */ = {
			isa = PBXCopyFilesBuildPhase;
			buildActionMask = 2147483647;
			dstPath = /usr/share/man/man1/;
			dstSubfolderSpec = 0;
			files = (
			);
			runOnlyForDeploymentPostprocessing = 1;
		};
		96186F7A1FAA777800ADD29B /* CopyFiles */ = {
			isa = PBXCopyFilesBuildPhase;
			buildActionMask = 2147483647;
			dstPath = /usr/share/man/man1/;
			dstSubfolderSpec = 0;
			files = (
			);
			runOnlyForDeploymentPostprocessing = 1;
		};
		961A181C1E3AE610008D1E8E /* CopyFiles */ = {
			isa = PBXCopyFilesBuildPhase;
			buildActionMask = 2147483647;
			dstPath = /usr/share/man/man1/;
			dstSubfolderSpec = 0;
			files = (
			);
			runOnlyForDeploymentPostprocessing = 1;
		};
		963048D01E95DDF000A28BC3 /* CopyFiles */ = {
			isa = PBXCopyFilesBuildPhase;
			buildActionMask = 2147483647;
			dstPath = /usr/share/man/man1/;
			dstSubfolderSpec = 0;
			files = (
			);
			runOnlyForDeploymentPostprocessing = 1;
		};
		963048DF1E96147900A28BC3 /* CopyFiles */ = {
			isa = PBXCopyFilesBuildPhase;
			buildActionMask = 2147483647;
			dstPath = /usr/share/man/man1/;
			dstSubfolderSpec = 0;
			files = (
			);
			runOnlyForDeploymentPostprocessing = 1;
		};
		963048EA1E9614F900A28BC3 /* CopyFiles */ = {
			isa = PBXCopyFilesBuildPhase;
			buildActionMask = 2147483647;
			dstPath = /usr/share/man/man1/;
			dstSubfolderSpec = 0;
			files = (
			);
			runOnlyForDeploymentPostprocessing = 1;
		};
		963048F91E96E81700A28BC3 /* CopyFiles */ = {
			isa = PBXCopyFilesBuildPhase;
			buildActionMask = 2147483647;
			dstPath = /usr/share/man/man1/;
			dstSubfolderSpec = 0;
			files = (
			);
			runOnlyForDeploymentPostprocessing = 1;
		};
		96329F781E4867F8006167C1 /* CopyFiles */ = {
			isa = PBXCopyFilesBuildPhase;
			buildActionMask = 2147483647;
			dstPath = /usr/share/man/man1/;
			dstSubfolderSpec = 0;
			files = (
			);
			runOnlyForDeploymentPostprocessing = 1;
		};
		963BBD5A1E367D7700E7D9EF /* CopyFiles */ = {
			isa = PBXCopyFilesBuildPhase;
			buildActionMask = 2147483647;
			dstPath = /usr/share/man/man1/;
			dstSubfolderSpec = 0;
			files = (
			);
			runOnlyForDeploymentPostprocessing = 1;
		};
		965B903F1F6C56EA004B1583 /* CopyFiles */ = {
			isa = PBXCopyFilesBuildPhase;
			buildActionMask = 2147483647;
			dstPath = /usr/share/man/man1/;
			dstSubfolderSpec = 0;
			files = (
			);
			runOnlyForDeploymentPostprocessing = 1;
		};
		965E21201F56A298009F3347 /* CopyFiles */ = {
			isa = PBXCopyFilesBuildPhase;
			buildActionMask = 2147483647;
			dstPath = /usr/share/man/man1/;
			dstSubfolderSpec = 0;
			files = (
			);
			runOnlyForDeploymentPostprocessing = 1;
		};
		966871EB1F9731080023DED1 /* CopyFiles */ = {
			isa = PBXCopyFilesBuildPhase;
			buildActionMask = 2147483647;
			dstPath = /usr/share/man/man1/;
			dstSubfolderSpec = 0;
			files = (
			);
			runOnlyForDeploymentPostprocessing = 1;
		};
		966B6DCA1E778EAB005BAF6D /* CopyFiles */ = {
			isa = PBXCopyFilesBuildPhase;
			buildActionMask = 2147483647;
			dstPath = /usr/share/man/man1/;
			dstSubfolderSpec = 0;
			files = (
			);
			runOnlyForDeploymentPostprocessing = 1;
		};
		967C75F81DB0C735009970B6 /* CopyFiles */ = {
			isa = PBXCopyFilesBuildPhase;
			buildActionMask = 2147483647;
			dstPath = /usr/share/man/man1/;
			dstSubfolderSpec = 0;
			files = (
			);
			runOnlyForDeploymentPostprocessing = 1;
		};
		96808D9D1DFFBFB500F5D60F /* CopyFiles */ = {
			isa = PBXCopyFilesBuildPhase;
			buildActionMask = 2147483647;
			dstPath = /usr/share/man/man1/;
			dstSubfolderSpec = 0;
			files = (
			);
			runOnlyForDeploymentPostprocessing = 1;
		};
		969625B51EEA6C690075D9CD /* CopyFiles */ = {
			isa = PBXCopyFilesBuildPhase;
			buildActionMask = 2147483647;
			dstPath = /usr/share/man/man1/;
			dstSubfolderSpec = 0;
			files = (
			);
			runOnlyForDeploymentPostprocessing = 1;
		};
		96AAD4151DCD2A2A0054A7DC /* CopyFiles */ = {
			isa = PBXCopyFilesBuildPhase;
			buildActionMask = 2147483647;
			dstPath = /usr/share/man/man1/;
			dstSubfolderSpec = 0;
			files = (
			);
			runOnlyForDeploymentPostprocessing = 1;
		};
		96B75C141F7A205400F78ECD /* CopyFiles */ = {
			isa = PBXCopyFilesBuildPhase;
			buildActionMask = 2147483647;
			dstPath = /usr/share/man/man1/;
			dstSubfolderSpec = 0;
			files = (
			);
			runOnlyForDeploymentPostprocessing = 1;
		};
		96B9CE7C1ED35BD600302A61 /* CopyFiles */ = {
			isa = PBXCopyFilesBuildPhase;
			buildActionMask = 2147483647;
			dstPath = /usr/share/man/man1/;
			dstSubfolderSpec = 0;
			files = (
			);
			runOnlyForDeploymentPostprocessing = 1;
		};
		96B9CE901ED3F7F000302A61 /* CopyFiles */ = {
			isa = PBXCopyFilesBuildPhase;
			buildActionMask = 2147483647;
			dstPath = /usr/share/man/man1/;
			dstSubfolderSpec = 0;
			files = (
			);
			runOnlyForDeploymentPostprocessing = 1;
		};
		96DF3AAA1E73E73B005C1006 /* CopyFiles */ = {
			isa = PBXCopyFilesBuildPhase;
			buildActionMask = 2147483647;
			dstPath = /usr/share/man/man1/;
			dstSubfolderSpec = 0;
			files = (
			);
			runOnlyForDeploymentPostprocessing = 1;
		};
		96F15D421E3D2CD700F2AD5B /* CopyFiles */ = {
			isa = PBXCopyFilesBuildPhase;
			buildActionMask = 2147483647;
			dstPath = /usr/share/man/man1/;
			dstSubfolderSpec = 0;
			files = (
			);
			runOnlyForDeploymentPostprocessing = 1;
		};
/* End PBXCopyFilesBuildPhase section */

/* Begin PBXFileReference section */
		9600B8001E388F82006F2605 /* test_select_support */ = {isa = PBXFileReference; explicitFileType = "compiled.mach-o.executable"; includeInIndex = 0; path = test_select_support; sourceTree = BUILT_PRODUCTS_DIR; };
		960186001DD5A90000FFCB38 /* libbwt.a */ = {isa = PBXFileReference; lastKnownFileType = archive.ar; name = libbwt.a; path = ../../d_dbwt/libbwt.a; sourceTree = "<group>"; };
		960186021DD5BFB600FFCB38 /* libbwt.a */ = {isa = PBXFileReference; lastKnownFileType = archive.ar; name = libbwt.a; path = ../../../../../arch/Darwin_x86_64/lib/libbwt.a; sourceTree = "<group>"; };
		960186091DDAD50300FFCB38 /* bp */ = {isa = PBXFileReference; explicitFileType = "compiled.mach-o.executable"; includeInIndex = 0; path = bp; sourceTree = BUILT_PRODUCTS_DIR; };
		96098EBC1EA6DE3D004C5F7D /* fail_vs_nonfail */ = {isa = PBXFileReference; explicitFileType = "compiled.mach-o.executable"; includeInIndex = 0; path = fail_vs_nonfail; sourceTree = BUILT_PRODUCTS_DIR; };
		96186F771FAA46E800ADD29B /* parent_depth_list.hpp */ = {isa = PBXFileReference; lastKnownFileType = sourcecode.cpp.h; path = parent_depth_list.hpp; sourceTree = "<group>"; };
		96186F7C1FAA777800ADD29B /* dump_nwd_lists */ = {isa = PBXFileReference; explicitFileType = "compiled.mach-o.executable"; includeInIndex = 0; path = dump_nwd_lists; sourceTree = BUILT_PRODUCTS_DIR; };
		96186F7E1FAA777800ADD29B /* main.cpp */ = {isa = PBXFileReference; lastKnownFileType = sourcecode.cpp.cpp; path = main.cpp; sourceTree = "<group>"; };
		961A181E1E3AE610008D1E8E /* vec_agg */ = {isa = PBXFileReference; explicitFileType = "compiled.mach-o.executable"; includeInIndex = 0; path = vec_agg; sourceTree = BUILT_PRODUCTS_DIR; };
		9629235B1F9BD2750065FCDD /* opt_parser.hpp */ = {isa = PBXFileReference; lastKnownFileType = sourcecode.cpp.h; path = opt_parser.hpp; sourceTree = "<group>"; };
		9629235C1F9BDA130065FCDD /* maxrep_vector.hpp */ = {isa = PBXFileReference; lastKnownFileType = sourcecode.cpp.h; path = maxrep_vector.hpp; sourceTree = "<group>"; };
		9629235D1F9C3F680065FCDD /* input_spec.hpp */ = {isa = PBXFileReference; lastKnownFileType = sourcecode.cpp.h; path = input_spec.hpp; sourceTree = "<group>"; };
		9629235E1F9C476F0065FCDD /* matching_statistics.hpp */ = {isa = PBXFileReference; lastKnownFileType = sourcecode.cpp.h; path = matching_statistics.hpp; sourceTree = "<group>"; };
		963048D21E95DDF000A28BC3 /* bstep_performance */ = {isa = PBXFileReference; explicitFileType = "compiled.mach-o.executable"; includeInIndex = 0; path = bstep_performance; sourceTree = BUILT_PRODUCTS_DIR; };
		963048E11E96147900A28BC3 /* wl_and_parent_stats */ = {isa = PBXFileReference; explicitFileType = "compiled.mach-o.executable"; includeInIndex = 0; path = wl_and_parent_stats; sourceTree = BUILT_PRODUCTS_DIR; };
		963048EC1E9614F900A28BC3 /* input_stats */ = {isa = PBXFileReference; explicitFileType = "compiled.mach-o.executable"; includeInIndex = 0; path = input_stats; sourceTree = BUILT_PRODUCTS_DIR; };
		963048EE1E9614F900A28BC3 /* main.cpp */ = {isa = PBXFileReference; lastKnownFileType = sourcecode.cpp.cpp; path = main.cpp; sourceTree = "<group>"; };
		963048FB1E96E81700A28BC3 /* sada_fd_ms */ = {isa = PBXFileReference; explicitFileType = "compiled.mach-o.executable"; includeInIndex = 0; path = sada_fd_ms; sourceTree = BUILT_PRODUCTS_DIR; };
		963048FD1E96E81700A28BC3 /* main.cpp */ = {isa = PBXFileReference; lastKnownFileType = sourcecode.cpp.cpp; path = main.cpp; sourceTree = "<group>"; };
		96329F7A1E4867F8006167C1 /* bin_to_txt */ = {isa = PBXFileReference; explicitFileType = "compiled.mach-o.executable"; includeInIndex = 0; path = bin_to_txt; sourceTree = BUILT_PRODUCTS_DIR; };
		963BBD5C1E367D7700E7D9EF /* dump_cst */ = {isa = PBXFileReference; explicitFileType = "compiled.mach-o.executable"; includeInIndex = 0; path = dump_cst; sourceTree = BUILT_PRODUCTS_DIR; };
		963BBD5E1E367D7700E7D9EF /* main.cpp */ = {isa = PBXFileReference; lastKnownFileType = sourcecode.cpp.cpp; path = main.cpp; sourceTree = "<group>"; };
		963D80591DF3CE1B002D661B /* stree_sct3.hpp */ = {isa = PBXFileReference; fileEncoding = 4; lastKnownFileType = sourcecode.cpp.h; path = stree_sct3.hpp; sourceTree = "<group>"; };
		96512E841EAD917400C86F6B /* runs_and_ms_algorithms.hpp */ = {isa = PBXFileReference; fileEncoding = 4; lastKnownFileType = sourcecode.cpp.h; path = runs_and_ms_algorithms.hpp; sourceTree = "<group>"; };
		965B90411F6C56EA004B1583 /* sandbox_selectatdist */ = {isa = PBXFileReference; explicitFileType = "compiled.mach-o.executable"; includeInIndex = 0; path = sandbox_selectatdist; sourceTree = BUILT_PRODUCTS_DIR; };
		965B90431F6C56EA004B1583 /* main.cpp */ = {isa = PBXFileReference; lastKnownFileType = sourcecode.cpp.cpp; path = main.cpp; sourceTree = "<group>"; };
		965B904C1F6C584B004B1583 /* libgmock_main.a */ = {isa = PBXFileReference; lastKnownFileType = archive.ar; name = libgmock_main.a; path = ../../../../arch/Darwin_x86_64/lib/libgmock_main.a; sourceTree = "<group>"; };
		965B904D1F6C584B004B1583 /* libgmock.a */ = {isa = PBXFileReference; lastKnownFileType = archive.ar; name = libgmock.a; path = ../../../../arch/Darwin_x86_64/lib/libgmock.a; sourceTree = "<group>"; };
		965B904E1F6C584B004B1583 /* libgtest_main.a */ = {isa = PBXFileReference; lastKnownFileType = archive.ar; name = libgtest_main.a; path = ../../../../arch/Darwin_x86_64/lib/libgtest_main.a; sourceTree = "<group>"; };
		965B904F1F6C584B004B1583 /* libgtest.a */ = {isa = PBXFileReference; lastKnownFileType = archive.ar; name = libgtest.a; path = ../../../../arch/Darwin_x86_64/lib/libgtest.a; sourceTree = "<group>"; };
		965B90541F6C5CE7004B1583 /* cmd_utils.hpp */ = {isa = PBXFileReference; fileEncoding = 4; lastKnownFileType = sourcecode.cpp.h; path = cmd_utils.hpp; sourceTree = "<group>"; };
		965E21221F56A298009F3347 /* bitvector_select_rank */ = {isa = PBXFileReference; explicitFileType = "compiled.mach-o.executable"; includeInIndex = 0; path = bitvector_select_rank; sourceTree = BUILT_PRODUCTS_DIR; };
		965E21241F56A298009F3347 /* main.cpp */ = {isa = PBXFileReference; lastKnownFileType = sourcecode.cpp.cpp; path = main.cpp; sourceTree = "<group>"; };
		965E21291F56A2D8009F3347 /* libbwt.a */ = {isa = PBXFileReference; lastKnownFileType = archive.ar; name = libbwt.a; path = ../../../../arch/Darwin_x86_64/lib/libbwt.a; sourceTree = "<group>"; };
		965E212A1F56A2D8009F3347 /* libdivsufsort.a */ = {isa = PBXFileReference; lastKnownFileType = archive.ar; name = libdivsufsort.a; path = ../../../../arch/Darwin_x86_64/lib/libdivsufsort.a; sourceTree = "<group>"; };
		965E212B1F56A2D8009F3347 /* libdivsufsort64.a */ = {isa = PBXFileReference; lastKnownFileType = archive.ar; name = libdivsufsort64.a; path = ../../../../arch/Darwin_x86_64/lib/libdivsufsort64.a; sourceTree = "<group>"; };
		965E212C1F56A2D8009F3347 /* libsdsl.a */ = {isa = PBXFileReference; lastKnownFileType = archive.ar; name = libsdsl.a; path = ../../../../arch/Darwin_x86_64/lib/libsdsl.a; sourceTree = "<group>"; };
		966871E61F95C9950023DED1 /* cst_iterator.hpp */ = {isa = PBXFileReference; lastKnownFileType = sourcecode.cpp.h; path = cst_iterator.hpp; sourceTree = "<group>"; };
		966871E81F972E2E0023DED1 /* edge_list.hpp */ = {isa = PBXFileReference; lastKnownFileType = sourcecode.cpp.h; path = edge_list.hpp; sourceTree = "<group>"; };
		966871ED1F9731080023DED1 /* dump_edge_lists */ = {isa = PBXFileReference; explicitFileType = "compiled.mach-o.executable"; includeInIndex = 0; path = dump_edge_lists; sourceTree = BUILT_PRODUCTS_DIR; };
		966871EF1F9731080023DED1 /* main.cpp */ = {isa = PBXFileReference; lastKnownFileType = sourcecode.cpp.cpp; path = main.cpp; sourceTree = "<group>"; };
		966B6DCC1E778EAB005BAF6D /* fill_vector_in_parallel */ = {isa = PBXFileReference; explicitFileType = "compiled.mach-o.executable"; includeInIndex = 0; path = fill_vector_in_parallel; sourceTree = BUILT_PRODUCTS_DIR; };
		967C75FA1DB0C735009970B6 /* fd_ms */ = {isa = PBXFileReference; explicitFileType = "compiled.mach-o.executable"; includeInIndex = 0; path = fd_ms; sourceTree = BUILT_PRODUCTS_DIR; };
		967C75FC1DB0C735009970B6 /* fd_ms.cpp */ = {isa = PBXFileReference; lastKnownFileType = sourcecode.cpp.cpp; path = fd_ms.cpp; sourceTree = "<group>"; };
		96808D9F1DFFBFB500F5D60F /* sa */ = {isa = PBXFileReference; explicitFileType = "compiled.mach-o.executable"; includeInIndex = 0; path = sa; sourceTree = BUILT_PRODUCTS_DIR; };
		969625B71EEA6C690075D9CD /* sanbox_parent_calls */ = {isa = PBXFileReference; explicitFileType = "compiled.mach-o.executable"; includeInIndex = 0; path = sanbox_parent_calls; sourceTree = BUILT_PRODUCTS_DIR; };
		969625B91EEA6C690075D9CD /* main.cpp */ = {isa = PBXFileReference; lastKnownFileType = sourcecode.cpp.cpp; path = main.cpp; sourceTree = "<group>"; };
		96A4E2911FA44A3B00D0D42E /* runs_ms.hpp */ = {isa = PBXFileReference; lastKnownFileType = sourcecode.cpp.h; path = runs_ms.hpp; sourceTree = "<group>"; };
		96A4E2921FA4604700D0D42E /* slices.hpp */ = {isa = PBXFileReference; lastKnownFileType = sourcecode.cpp.h; path = slices.hpp; sourceTree = "<group>"; };
		96A635DE1E935F090064E6E9 /* utils.hpp */ = {isa = PBXFileReference; fileEncoding = 4; lastKnownFileType = sourcecode.cpp.h; path = utils.hpp; sourceTree = "<group>"; };
		96AAD4171DCD2A2A0054A7DC /* etst_wt */ = {isa = PBXFileReference; explicitFileType = "compiled.mach-o.executable"; includeInIndex = 0; path = etst_wt; sourceTree = BUILT_PRODUCTS_DIR; };
		96B75C161F7A205400F78ECD /* compute_maxrep */ = {isa = PBXFileReference; explicitFileType = "compiled.mach-o.executable"; includeInIndex = 0; path = compute_maxrep; sourceTree = BUILT_PRODUCTS_DIR; };
		96B9CE7E1ED35BD600302A61 /* dump_maxrep */ = {isa = PBXFileReference; explicitFileType = "compiled.mach-o.executable"; includeInIndex = 0; path = dump_maxrep; sourceTree = BUILT_PRODUCTS_DIR; };
		96B9CE801ED35BD600302A61 /* main.cpp */ = {isa = PBXFileReference; lastKnownFileType = sourcecode.cpp.cpp; path = main.cpp; sourceTree = "<group>"; };
		96B9CE921ED3F7F000302A61 /* sandbox_test_maxrep */ = {isa = PBXFileReference; explicitFileType = "compiled.mach-o.executable"; includeInIndex = 0; path = sandbox_test_maxrep; sourceTree = BUILT_PRODUCTS_DIR; };
		96B9CE941ED3F7F000302A61 /* main.cpp */ = {isa = PBXFileReference; lastKnownFileType = sourcecode.cpp.cpp; path = main.cpp; sourceTree = "<group>"; };
		96D636DC1DC846B500C13088 /* libdivsufsort.a */ = {isa = PBXFileReference; lastKnownFileType = archive.ar; name = libdivsufsort.a; path = ../../../../../arch/Darwin_x86_64/lib/libdivsufsort.a; sourceTree = "<group>"; };
		96D636DD1DC846B500C13088 /* libdivsufsort64.a */ = {isa = PBXFileReference; lastKnownFileType = archive.ar; name = libdivsufsort64.a; path = ../../../../../arch/Darwin_x86_64/lib/libdivsufsort64.a; sourceTree = "<group>"; };
		96D636DE1DC846B500C13088 /* libsdsl.a */ = {isa = PBXFileReference; lastKnownFileType = archive.ar; name = libsdsl.a; path = ../../../../../arch/Darwin_x86_64/lib/libsdsl.a; sourceTree = "<group>"; };
		96DF3AAC1E73E73B005C1006 /* single_vs_double_rank */ = {isa = PBXFileReference; explicitFileType = "compiled.mach-o.executable"; includeInIndex = 0; path = single_vs_double_rank; sourceTree = BUILT_PRODUCTS_DIR; };
		96F15D441E3D2CD700F2AD5B /* lazy_wl_performance */ = {isa = PBXFileReference; explicitFileType = "compiled.mach-o.executable"; includeInIndex = 0; path = lazy_wl_performance; sourceTree = BUILT_PRODUCTS_DIR; };
/* End PBXFileReference section */

/* Begin PBXFrameworksBuildPhase section */
		9600B7FD1E388F82006F2605 /* Frameworks */ = {
			isa = PBXFrameworksBuildPhase;
			buildActionMask = 2147483647;
			files = (
				9600B8071E3892A7006F2605 /* libbwt.a in Frameworks */,
				9600B8081E3892A7006F2605 /* libdivsufsort.a in Frameworks */,
				9600B8091E3892A7006F2605 /* libdivsufsort64.a in Frameworks */,
				9600B80A1E3892A7006F2605 /* libsdsl.a in Frameworks */,
			);
			runOnlyForDeploymentPostprocessing = 0;
		};
		960186061DDAD50300FFCB38 /* Frameworks */ = {
			isa = PBXFrameworksBuildPhase;
			buildActionMask = 2147483647;
			files = (
				960186101DDAD55A00FFCB38 /* libbwt.a in Frameworks */,
				960186111DDAD55A00FFCB38 /* libdivsufsort.a in Frameworks */,
				960186121DDAD55A00FFCB38 /* libdivsufsort64.a in Frameworks */,
				960186131DDAD55A00FFCB38 /* libsdsl.a in Frameworks */,
			);
			runOnlyForDeploymentPostprocessing = 0;
		};
		96098EB91EA6DE3D004C5F7D /* Frameworks */ = {
			isa = PBXFrameworksBuildPhase;
			buildActionMask = 2147483647;
			files = (
				96B9CE8A1ED3757900302A61 /* libbwt.a in Frameworks */,
				96B9CE8B1ED3757900302A61 /* libdivsufsort.a in Frameworks */,
				96B9CE8C1ED3757900302A61 /* libdivsufsort64.a in Frameworks */,
				96B9CE8D1ED3757900302A61 /* libsdsl.a in Frameworks */,
			);
			runOnlyForDeploymentPostprocessing = 0;
		};
		96186F791FAA777800ADD29B /* Frameworks */ = {
			isa = PBXFrameworksBuildPhase;
			buildActionMask = 2147483647;
			files = (
				96186F831FAA7E7000ADD29B /* libdivsufsort.a in Frameworks */,
				96186F841FAA7E7000ADD29B /* libdivsufsort64.a in Frameworks */,
				96186F851FAA7E7000ADD29B /* libsdsl.a in Frameworks */,
			);
			runOnlyForDeploymentPostprocessing = 0;
		};
		961A181B1E3AE610008D1E8E /* Frameworks */ = {
			isa = PBXFrameworksBuildPhase;
			buildActionMask = 2147483647;
			files = (
				961A18251E3AE654008D1E8E /* libbwt.a in Frameworks */,
				961A18261E3AE654008D1E8E /* libdivsufsort.a in Frameworks */,
				961A18271E3AE654008D1E8E /* libdivsufsort64.a in Frameworks */,
				961A18281E3AE654008D1E8E /* libsdsl.a in Frameworks */,
			);
			runOnlyForDeploymentPostprocessing = 0;
		};
		963048CF1E95DDF000A28BC3 /* Frameworks */ = {
			isa = PBXFrameworksBuildPhase;
			buildActionMask = 2147483647;
			files = (
				963048D91E95DE2C00A28BC3 /* libbwt.a in Frameworks */,
				963048DA1E95DE2C00A28BC3 /* libdivsufsort.a in Frameworks */,
				963048DB1E95DE2C00A28BC3 /* libdivsufsort64.a in Frameworks */,
				963048DC1E95DE2C00A28BC3 /* libsdsl.a in Frameworks */,
			);
			runOnlyForDeploymentPostprocessing = 0;
		};
		963048DE1E96147900A28BC3 /* Frameworks */ = {
			isa = PBXFrameworksBuildPhase;
			buildActionMask = 2147483647;
			files = (
			);
			runOnlyForDeploymentPostprocessing = 0;
		};
		963048E91E9614F900A28BC3 /* Frameworks */ = {
			isa = PBXFrameworksBuildPhase;
			buildActionMask = 2147483647;
			files = (
				963048F31E961ADE00A28BC3 /* libbwt.a in Frameworks */,
				963048F41E961ADE00A28BC3 /* libdivsufsort.a in Frameworks */,
				963048F51E961ADE00A28BC3 /* libdivsufsort64.a in Frameworks */,
				963048F61E961ADE00A28BC3 /* libsdsl.a in Frameworks */,
			);
			runOnlyForDeploymentPostprocessing = 0;
		};
		963048F81E96E81700A28BC3 /* Frameworks */ = {
			isa = PBXFrameworksBuildPhase;
			buildActionMask = 2147483647;
			files = (
				963049021E96E86100A28BC3 /* libbwt.a in Frameworks */,
				963049031E96E86100A28BC3 /* libdivsufsort.a in Frameworks */,
				963049041E96E86100A28BC3 /* libdivsufsort64.a in Frameworks */,
				963049051E96E86100A28BC3 /* libsdsl.a in Frameworks */,
			);
			runOnlyForDeploymentPostprocessing = 0;
		};
		96329F771E4867F8006167C1 /* Frameworks */ = {
			isa = PBXFrameworksBuildPhase;
			buildActionMask = 2147483647;
			files = (
				96329F811E4868D3006167C1 /* libbwt.a in Frameworks */,
				96329F821E4868D3006167C1 /* libdivsufsort.a in Frameworks */,
				96329F831E4868D3006167C1 /* libdivsufsort64.a in Frameworks */,
				96329F841E4868D3006167C1 /* libsdsl.a in Frameworks */,
			);
			runOnlyForDeploymentPostprocessing = 0;
		};
		963BBD591E367D7700E7D9EF /* Frameworks */ = {
			isa = PBXFrameworksBuildPhase;
			buildActionMask = 2147483647;
			files = (
				963BBD631E367ED700E7D9EF /* libbwt.a in Frameworks */,
				963BBD641E367ED700E7D9EF /* libdivsufsort.a in Frameworks */,
				963BBD651E367ED700E7D9EF /* libdivsufsort64.a in Frameworks */,
				963BBD661E367ED700E7D9EF /* libsdsl.a in Frameworks */,
			);
			runOnlyForDeploymentPostprocessing = 0;
		};
		965B903E1F6C56EA004B1583 /* Frameworks */ = {
			isa = PBXFrameworksBuildPhase;
			buildActionMask = 2147483647;
			files = (
				965B90491F6C584B004B1583 /* libdivsufsort.a in Frameworks */,
				965B904A1F6C584B004B1583 /* libdivsufsort64.a in Frameworks */,
				965B904B1F6C584B004B1583 /* libsdsl.a in Frameworks */,
			);
			runOnlyForDeploymentPostprocessing = 0;
		};
		965E211F1F56A298009F3347 /* Frameworks */ = {
			isa = PBXFrameworksBuildPhase;
			buildActionMask = 2147483647;
			files = (
				96C67F841F57F3B600DE6E07 /* libsdsl.a in Frameworks */,
				965E212D1F56A2D8009F3347 /* libbwt.a in Frameworks */,
				965E212E1F56A2D8009F3347 /* libdivsufsort.a in Frameworks */,
				965E212F1F56A2D8009F3347 /* libdivsufsort64.a in Frameworks */,
			);
			runOnlyForDeploymentPostprocessing = 0;
		};
		966871EA1F9731080023DED1 /* Frameworks */ = {
			isa = PBXFrameworksBuildPhase;
			buildActionMask = 2147483647;
			files = (
				966871F41F9732BB0023DED1 /* libdivsufsort.a in Frameworks */,
				966871F51F9732BB0023DED1 /* libdivsufsort64.a in Frameworks */,
				966871F61F9732BB0023DED1 /* libsdsl.a in Frameworks */,
			);
			runOnlyForDeploymentPostprocessing = 0;
		};
		966B6DC91E778EAB005BAF6D /* Frameworks */ = {
			isa = PBXFrameworksBuildPhase;
			buildActionMask = 2147483647;
			files = (
				966B6DD31E7791D8005BAF6D /* libbwt.a in Frameworks */,
				966B6DD41E7791D8005BAF6D /* libdivsufsort.a in Frameworks */,
				966B6DD51E7791D8005BAF6D /* libdivsufsort64.a in Frameworks */,
				966B6DD61E7791D8005BAF6D /* libsdsl.a in Frameworks */,
			);
			runOnlyForDeploymentPostprocessing = 0;
		};
		967C75F71DB0C735009970B6 /* Frameworks */ = {
			isa = PBXFrameworksBuildPhase;
			buildActionMask = 2147483647;
			files = (
				960186031DD5BFB600FFCB38 /* libbwt.a in Frameworks */,
				96D636DF1DC846B500C13088 /* libdivsufsort.a in Frameworks */,
				96D636E01DC846B500C13088 /* libdivsufsort64.a in Frameworks */,
				96D636E11DC846B500C13088 /* libsdsl.a in Frameworks */,
			);
			runOnlyForDeploymentPostprocessing = 0;
		};
		96808D9C1DFFBFB500F5D60F /* Frameworks */ = {
			isa = PBXFrameworksBuildPhase;
			buildActionMask = 2147483647;
			files = (
				96808DA61DFFC25F00F5D60F /* libbwt.a in Frameworks */,
				96808DA71DFFC25F00F5D60F /* libdivsufsort.a in Frameworks */,
				96808DA81DFFC25F00F5D60F /* libdivsufsort64.a in Frameworks */,
				96808DA91DFFC25F00F5D60F /* libsdsl.a in Frameworks */,
			);
			runOnlyForDeploymentPostprocessing = 0;
		};
		969625B41EEA6C690075D9CD /* Frameworks */ = {
			isa = PBXFrameworksBuildPhase;
			buildActionMask = 2147483647;
			files = (
				969625BE1EEA6C890075D9CD /* libbwt.a in Frameworks */,
				969625BF1EEA6C890075D9CD /* libdivsufsort.a in Frameworks */,
				969625C01EEA6C890075D9CD /* libdivsufsort64.a in Frameworks */,
				969625C11EEA6C890075D9CD /* libsdsl.a in Frameworks */,
			);
			runOnlyForDeploymentPostprocessing = 0;
		};
		96AAD4141DCD2A2A0054A7DC /* Frameworks */ = {
			isa = PBXFrameworksBuildPhase;
			buildActionMask = 2147483647;
			files = (
				960186011DD5A90000FFCB38 /* libbwt.a in Frameworks */,
				96AAD41E1DCD2A4C0054A7DC /* libdivsufsort.a in Frameworks */,
				96AAD41F1DCD2A4C0054A7DC /* libdivsufsort64.a in Frameworks */,
				96AAD4201DCD2A4C0054A7DC /* libsdsl.a in Frameworks */,
			);
			runOnlyForDeploymentPostprocessing = 0;
		};
		96B75C131F7A205400F78ECD /* Frameworks */ = {
			isa = PBXFrameworksBuildPhase;
			buildActionMask = 2147483647;
			files = (
			);
			runOnlyForDeploymentPostprocessing = 0;
		};
		96B9CE7B1ED35BD600302A61 /* Frameworks */ = {
			isa = PBXFrameworksBuildPhase;
			buildActionMask = 2147483647;
			files = (
				96B9CE851ED35FB200302A61 /* libbwt.a in Frameworks */,
				96B9CE861ED35FB200302A61 /* libdivsufsort.a in Frameworks */,
				96B9CE871ED35FB200302A61 /* libdivsufsort64.a in Frameworks */,
				96B9CE881ED35FB200302A61 /* libsdsl.a in Frameworks */,
			);
			runOnlyForDeploymentPostprocessing = 0;
		};
		96B9CE8F1ED3F7F000302A61 /* Frameworks */ = {
			isa = PBXFrameworksBuildPhase;
			buildActionMask = 2147483647;
			files = (
				96B9CE991ED3F8B800302A61 /* libbwt.a in Frameworks */,
				96B9CE9A1ED3F8B800302A61 /* libdivsufsort.a in Frameworks */,
				96B9CE9B1ED3F8B800302A61 /* libdivsufsort64.a in Frameworks */,
				96B9CE9C1ED3F8B800302A61 /* libsdsl.a in Frameworks */,
			);
			runOnlyForDeploymentPostprocessing = 0;
		};
		96DF3AA91E73E73B005C1006 /* Frameworks */ = {
			isa = PBXFrameworksBuildPhase;
			buildActionMask = 2147483647;
			files = (
				96DF3AB31E73E752005C1006 /* libbwt.a in Frameworks */,
				96DF3AB41E73E752005C1006 /* libdivsufsort.a in Frameworks */,
				96DF3AB51E73E752005C1006 /* libdivsufsort64.a in Frameworks */,
				96DF3AB61E73E752005C1006 /* libsdsl.a in Frameworks */,
			);
			runOnlyForDeploymentPostprocessing = 0;
		};
		96F15D411E3D2CD700F2AD5B /* Frameworks */ = {
			isa = PBXFrameworksBuildPhase;
			buildActionMask = 2147483647;
			files = (
				96F15D4B1E3D2DA200F2AD5B /* libbwt.a in Frameworks */,
				96F15D4C1E3D2DA200F2AD5B /* libdivsufsort.a in Frameworks */,
				96F15D4D1E3D2DA200F2AD5B /* libdivsufsort64.a in Frameworks */,
				96F15D4E1E3D2DA200F2AD5B /* libsdsl.a in Frameworks */,
			);
			runOnlyForDeploymentPostprocessing = 0;
		};
/* End PBXFrameworksBuildPhase section */

/* Begin PBXGroup section */
		96186F7D1FAA777800ADD29B /* dump_nwd_lists */ = {
			isa = PBXGroup;
			children = (
				96186F7E1FAA777800ADD29B /* main.cpp */,
			);
			path = dump_nwd_lists;
			sourceTree = "<group>";
		};
		963048ED1E9614F900A28BC3 /* input_stats */ = {
			isa = PBXGroup;
			children = (
				963048EE1E9614F900A28BC3 /* main.cpp */,
			);
			path = input_stats;
			sourceTree = "<group>";
		};
		963048FC1E96E81700A28BC3 /* sada_fd_ms */ = {
			isa = PBXGroup;
			children = (
				963048FD1E96E81700A28BC3 /* main.cpp */,
			);
			path = sada_fd_ms;
			sourceTree = "<group>";
		};
		963BBD5D1E367D7700E7D9EF /* dump_cst */ = {
			isa = PBXGroup;
			children = (
				963BBD5E1E367D7700E7D9EF /* main.cpp */,
			);
			path = dump_cst;
			sourceTree = "<group>";
		};
		965B90421F6C56EA004B1583 /* sandbox_selectatdist */ = {
			isa = PBXGroup;
			children = (
				965B90431F6C56EA004B1583 /* main.cpp */,
			);
			path = sandbox_selectatdist;
			sourceTree = "<group>";
		};
		965E21231F56A298009F3347 /* bitvector_select_rank */ = {
			isa = PBXGroup;
			children = (
				965E21241F56A298009F3347 /* main.cpp */,
			);
			path = bitvector_select_rank;
			sourceTree = "<group>";
		};
		966871EE1F9731080023DED1 /* dump_edge_lists */ = {
			isa = PBXGroup;
			children = (
				966871EF1F9731080023DED1 /* main.cpp */,
			);
			path = dump_edge_lists;
			sourceTree = "<group>";
		};
		967C75CC1DB0BCEE009970B6 = {
			isa = PBXGroup;
			children = (
				967C75FB1DB0C735009970B6 /* fd_ms */,
				963BBD5D1E367D7700E7D9EF /* dump_cst */,
				963048ED1E9614F900A28BC3 /* input_stats */,
				963048FC1E96E81700A28BC3 /* sada_fd_ms */,
				96B9CE7F1ED35BD600302A61 /* dump_maxrep */,
				96B9CE931ED3F7F000302A61 /* sandbox_test_maxrep */,
				969625B81EEA6C690075D9CD /* sanbox_parent_calls */,
				965E21231F56A298009F3347 /* bitvector_select_rank */,
				965B90421F6C56EA004B1583 /* sandbox_selectatdist */,
				966871EE1F9731080023DED1 /* dump_edge_lists */,
				96186F7D1FAA777800ADD29B /* dump_nwd_lists */,
				967C75D61DB0BCEE009970B6 /* Products */,
				967C75DF1DB0C010009970B6 /* Frameworks */,
			);
			sourceTree = "<group>";
		};
		967C75D61DB0BCEE009970B6 /* Products */ = {
			isa = PBXGroup;
			children = (
				967C75FA1DB0C735009970B6 /* fd_ms */,
				96AAD4171DCD2A2A0054A7DC /* etst_wt */,
				960186091DDAD50300FFCB38 /* bp */,
				96808D9F1DFFBFB500F5D60F /* sa */,
				963BBD5C1E367D7700E7D9EF /* dump_cst */,
				9600B8001E388F82006F2605 /* test_select_support */,
				961A181E1E3AE610008D1E8E /* vec_agg */,
				96F15D441E3D2CD700F2AD5B /* lazy_wl_performance */,
				96329F7A1E4867F8006167C1 /* bin_to_txt */,
				96DF3AAC1E73E73B005C1006 /* single_vs_double_rank */,
				966B6DCC1E778EAB005BAF6D /* fill_vector_in_parallel */,
				963048D21E95DDF000A28BC3 /* bstep_performance */,
				963048E11E96147900A28BC3 /* wl_and_parent_stats */,
				963048EC1E9614F900A28BC3 /* input_stats */,
				963048FB1E96E81700A28BC3 /* sada_fd_ms */,
				96098EBC1EA6DE3D004C5F7D /* fail_vs_nonfail */,
				96B9CE7E1ED35BD600302A61 /* dump_maxrep */,
				96B9CE921ED3F7F000302A61 /* sandbox_test_maxrep */,
				969625B71EEA6C690075D9CD /* sanbox_parent_calls */,
				965E21221F56A298009F3347 /* bitvector_select_rank */,
				965B90411F6C56EA004B1583 /* sandbox_selectatdist */,
				96B75C161F7A205400F78ECD /* compute_maxrep */,
				966871ED1F9731080023DED1 /* dump_edge_lists */,
				96186F7C1FAA777800ADD29B /* dump_nwd_lists */,
			);
			name = Products;
			sourceTree = "<group>";
		};
		967C75DF1DB0C010009970B6 /* Frameworks */ = {
			isa = PBXGroup;
			children = (
				965B904C1F6C584B004B1583 /* libgmock_main.a */,
				965B904D1F6C584B004B1583 /* libgmock.a */,
				965B904E1F6C584B004B1583 /* libgtest_main.a */,
				965B904F1F6C584B004B1583 /* libgtest.a */,
				965E21291F56A2D8009F3347 /* libbwt.a */,
				965E212A1F56A2D8009F3347 /* libdivsufsort.a */,
				965E212B1F56A2D8009F3347 /* libdivsufsort64.a */,
				965E212C1F56A2D8009F3347 /* libsdsl.a */,
				960186021DD5BFB600FFCB38 /* libbwt.a */,
				960186001DD5A90000FFCB38 /* libbwt.a */,
				96D636DC1DC846B500C13088 /* libdivsufsort.a */,
				96D636DD1DC846B500C13088 /* libdivsufsort64.a */,
				96D636DE1DC846B500C13088 /* libsdsl.a */,
			);
			name = Frameworks;
			sourceTree = "<group>";
		};
		967C75FB1DB0C735009970B6 /* fd_ms */ = {
			isa = PBXGroup;
			children = (
				966871E81F972E2E0023DED1 /* edge_list.hpp */,
				965B90541F6C5CE7004B1583 /* cmd_utils.hpp */,
				963D80591DF3CE1B002D661B /* stree_sct3.hpp */,
				967C75FC1DB0C735009970B6 /* fd_ms.cpp */,
				96512E841EAD917400C86F6B /* runs_and_ms_algorithms.hpp */,
				96A635DE1E935F090064E6E9 /* utils.hpp */,
				9629235C1F9BDA130065FCDD /* maxrep_vector.hpp */,
				966871E61F95C9950023DED1 /* cst_iterator.hpp */,
				9629235B1F9BD2750065FCDD /* opt_parser.hpp */,
				9629235D1F9C3F680065FCDD /* input_spec.hpp */,
				9629235E1F9C476F0065FCDD /* matching_statistics.hpp */,
				96A4E2911FA44A3B00D0D42E /* runs_ms.hpp */,
				96A4E2921FA4604700D0D42E /* slices.hpp */,
				96186F771FAA46E800ADD29B /* parent_depth_list.hpp */,
			);
			path = fd_ms;
			sourceTree = "<group>";
		};
		969625B81EEA6C690075D9CD /* sanbox_parent_calls */ = {
			isa = PBXGroup;
			children = (
				969625B91EEA6C690075D9CD /* main.cpp */,
			);
			path = sanbox_parent_calls;
			sourceTree = "<group>";
		};
		96B9CE7F1ED35BD600302A61 /* dump_maxrep */ = {
			isa = PBXGroup;
			children = (
				96B9CE801ED35BD600302A61 /* main.cpp */,
			);
			path = dump_maxrep;
			sourceTree = "<group>";
		};
		96B9CE931ED3F7F000302A61 /* sandbox_test_maxrep */ = {
			isa = PBXGroup;
			children = (
				96B9CE941ED3F7F000302A61 /* main.cpp */,
			);
			path = sandbox_test_maxrep;
			sourceTree = "<group>";
		};
/* End PBXGroup section */

/* Begin PBXNativeTarget section */
		9600B7FF1E388F82006F2605 /* test_select_support */ = {
			isa = PBXNativeTarget;
			buildConfigurationList = 9600B8061E388F82006F2605 /* Build configuration list for PBXNativeTarget "test_select_support" */;
			buildPhases = (
				9600B7FC1E388F82006F2605 /* Sources */,
				9600B7FD1E388F82006F2605 /* Frameworks */,
				9600B7FE1E388F82006F2605 /* CopyFiles */,
			);
			buildRules = (
			);
			dependencies = (
			);
			name = test_select_support;
			productName = test_select_support;
			productReference = 9600B8001E388F82006F2605 /* test_select_support */;
			productType = "com.apple.product-type.tool";
		};
		960186081DDAD50300FFCB38 /* bp */ = {
			isa = PBXNativeTarget;
			buildConfigurationList = 9601860F1DDAD50300FFCB38 /* Build configuration list for PBXNativeTarget "bp" */;
			buildPhases = (
				960186051DDAD50300FFCB38 /* Sources */,
				960186061DDAD50300FFCB38 /* Frameworks */,
				960186071DDAD50300FFCB38 /* CopyFiles */,
			);
			buildRules = (
			);
			dependencies = (
			);
			name = bp;
			productName = bp;
			productReference = 960186091DDAD50300FFCB38 /* bp */;
			productType = "com.apple.product-type.tool";
		};
		96098EBB1EA6DE3D004C5F7D /* fail_vs_nonfail */ = {
			isa = PBXNativeTarget;
			buildConfigurationList = 96098EC21EA6DE3D004C5F7D /* Build configuration list for PBXNativeTarget "fail_vs_nonfail" */;
			buildPhases = (
				96098EB81EA6DE3D004C5F7D /* Sources */,
				96098EB91EA6DE3D004C5F7D /* Frameworks */,
				96098EBA1EA6DE3D004C5F7D /* CopyFiles */,
			);
			buildRules = (
			);
			dependencies = (
			);
			name = fail_vs_nonfail;
			productName = fail_vs_nonfail;
			productReference = 96098EBC1EA6DE3D004C5F7D /* fail_vs_nonfail */;
			productType = "com.apple.product-type.tool";
		};
		96186F7B1FAA777800ADD29B /* dump_nwd_lists */ = {
			isa = PBXNativeTarget;
			buildConfigurationList = 96186F801FAA777800ADD29B /* Build configuration list for PBXNativeTarget "dump_nwd_lists" */;
			buildPhases = (
				96186F781FAA777800ADD29B /* Sources */,
				96186F791FAA777800ADD29B /* Frameworks */,
				96186F7A1FAA777800ADD29B /* CopyFiles */,
			);
			buildRules = (
			);
			dependencies = (
			);
			name = dump_nwd_lists;
			productName = dump_nwd_lists;
			productReference = 96186F7C1FAA777800ADD29B /* dump_nwd_lists */;
			productType = "com.apple.product-type.tool";
		};
		961A181D1E3AE610008D1E8E /* vec_agg */ = {
			isa = PBXNativeTarget;
			buildConfigurationList = 961A18241E3AE610008D1E8E /* Build configuration list for PBXNativeTarget "vec_agg" */;
			buildPhases = (
				961A181A1E3AE610008D1E8E /* Sources */,
				961A181B1E3AE610008D1E8E /* Frameworks */,
				961A181C1E3AE610008D1E8E /* CopyFiles */,
			);
			buildRules = (
			);
			dependencies = (
			);
			name = vec_agg;
			productName = vec_agg;
			productReference = 961A181E1E3AE610008D1E8E /* vec_agg */;
			productType = "com.apple.product-type.tool";
		};
		963048D11E95DDF000A28BC3 /* bstep_performance */ = {
			isa = PBXNativeTarget;
			buildConfigurationList = 963048D61E95DDF000A28BC3 /* Build configuration list for PBXNativeTarget "bstep_performance" */;
			buildPhases = (
				963048CE1E95DDF000A28BC3 /* Sources */,
				963048CF1E95DDF000A28BC3 /* Frameworks */,
				963048D01E95DDF000A28BC3 /* CopyFiles */,
			);
			buildRules = (
			);
			dependencies = (
			);
			name = bstep_performance;
			productName = bstep_performance;
			productReference = 963048D21E95DDF000A28BC3 /* bstep_performance */;
			productType = "com.apple.product-type.tool";
		};
		963048E01E96147900A28BC3 /* wl_and_parent_stats */ = {
			isa = PBXNativeTarget;
			buildConfigurationList = 963048E51E96147900A28BC3 /* Build configuration list for PBXNativeTarget "wl_and_parent_stats" */;
			buildPhases = (
				963048DD1E96147900A28BC3 /* Sources */,
				963048DE1E96147900A28BC3 /* Frameworks */,
				963048DF1E96147900A28BC3 /* CopyFiles */,
			);
			buildRules = (
			);
			dependencies = (
			);
			name = wl_and_parent_stats;
			productName = wl_and_parent_stats;
			productReference = 963048E11E96147900A28BC3 /* wl_and_parent_stats */;
			productType = "com.apple.product-type.tool";
		};
		963048EB1E9614F900A28BC3 /* input_stats */ = {
			isa = PBXNativeTarget;
			buildConfigurationList = 963048F01E9614F900A28BC3 /* Build configuration list for PBXNativeTarget "input_stats" */;
			buildPhases = (
				963048E81E9614F900A28BC3 /* Sources */,
				963048E91E9614F900A28BC3 /* Frameworks */,
				963048EA1E9614F900A28BC3 /* CopyFiles */,
			);
			buildRules = (
			);
			dependencies = (
			);
			name = input_stats;
			productName = input_stats;
			productReference = 963048EC1E9614F900A28BC3 /* input_stats */;
			productType = "com.apple.product-type.tool";
		};
		963048FA1E96E81700A28BC3 /* sada_fd_ms */ = {
			isa = PBXNativeTarget;
			buildConfigurationList = 963048FF1E96E81700A28BC3 /* Build configuration list for PBXNativeTarget "sada_fd_ms" */;
			buildPhases = (
				963048F71E96E81700A28BC3 /* Sources */,
				963048F81E96E81700A28BC3 /* Frameworks */,
				963048F91E96E81700A28BC3 /* CopyFiles */,
			);
			buildRules = (
			);
			dependencies = (
			);
			name = sada_fd_ms;
			productName = sada_fd_ms;
			productReference = 963048FB1E96E81700A28BC3 /* sada_fd_ms */;
			productType = "com.apple.product-type.tool";
		};
		96329F791E4867F8006167C1 /* bin_to_txt */ = {
			isa = PBXNativeTarget;
			buildConfigurationList = 96329F7E1E4867F8006167C1 /* Build configuration list for PBXNativeTarget "bin_to_txt" */;
			buildPhases = (
				96329F761E4867F8006167C1 /* Sources */,
				96329F771E4867F8006167C1 /* Frameworks */,
				96329F781E4867F8006167C1 /* CopyFiles */,
			);
			buildRules = (
			);
			dependencies = (
			);
			name = bin_to_txt;
			productName = bin_to_txt;
			productReference = 96329F7A1E4867F8006167C1 /* bin_to_txt */;
			productType = "com.apple.product-type.tool";
		};
		963BBD5B1E367D7700E7D9EF /* dump_cst */ = {
			isa = PBXNativeTarget;
			buildConfigurationList = 963BBD621E367D7700E7D9EF /* Build configuration list for PBXNativeTarget "dump_cst" */;
			buildPhases = (
				963BBD581E367D7700E7D9EF /* Sources */,
				963BBD591E367D7700E7D9EF /* Frameworks */,
				963BBD5A1E367D7700E7D9EF /* CopyFiles */,
			);
			buildRules = (
			);
			dependencies = (
			);
			name = dump_cst;
			productName = dump_cst;
			productReference = 963BBD5C1E367D7700E7D9EF /* dump_cst */;
			productType = "com.apple.product-type.tool";
		};
		965B90401F6C56EA004B1583 /* sandbox_selectatdist */ = {
			isa = PBXNativeTarget;
			buildConfigurationList = 965B90471F6C56EA004B1583 /* Build configuration list for PBXNativeTarget "sandbox_selectatdist" */;
			buildPhases = (
				965B903D1F6C56EA004B1583 /* Sources */,
				965B903E1F6C56EA004B1583 /* Frameworks */,
				965B903F1F6C56EA004B1583 /* CopyFiles */,
			);
			buildRules = (
			);
			dependencies = (
			);
			name = sandbox_selectatdist;
			productName = sandbox_selectatdist;
			productReference = 965B90411F6C56EA004B1583 /* sandbox_selectatdist */;
			productType = "com.apple.product-type.tool";
		};
		965E21211F56A298009F3347 /* bitvector_select_rank */ = {
			isa = PBXNativeTarget;
			buildConfigurationList = 965E21281F56A298009F3347 /* Build configuration list for PBXNativeTarget "bitvector_select_rank" */;
			buildPhases = (
				965E211E1F56A298009F3347 /* Sources */,
				965E211F1F56A298009F3347 /* Frameworks */,
				965E21201F56A298009F3347 /* CopyFiles */,
			);
			buildRules = (
			);
			dependencies = (
			);
			name = bitvector_select_rank;
			productName = bitvector_select_rank;
			productReference = 965E21221F56A298009F3347 /* bitvector_select_rank */;
			productType = "com.apple.product-type.tool";
		};
		966871EC1F9731080023DED1 /* dump_edge_lists */ = {
			isa = PBXNativeTarget;
			buildConfigurationList = 966871F11F9731080023DED1 /* Build configuration list for PBXNativeTarget "dump_edge_lists" */;
			buildPhases = (
				966871E91F9731080023DED1 /* Sources */,
				966871EA1F9731080023DED1 /* Frameworks */,
				966871EB1F9731080023DED1 /* CopyFiles */,
			);
			buildRules = (
			);
			dependencies = (
			);
			name = dump_edge_lists;
			productName = dump_edge_lists;
			productReference = 966871ED1F9731080023DED1 /* dump_edge_lists */;
			productType = "com.apple.product-type.tool";
		};
		966B6DCB1E778EAB005BAF6D /* fill_vector_in_parallel */ = {
			isa = PBXNativeTarget;
			buildConfigurationList = 966B6DD21E778EAB005BAF6D /* Build configuration list for PBXNativeTarget "fill_vector_in_parallel" */;
			buildPhases = (
				966B6DC81E778EAB005BAF6D /* Sources */,
				966B6DC91E778EAB005BAF6D /* Frameworks */,
				966B6DCA1E778EAB005BAF6D /* CopyFiles */,
			);
			buildRules = (
			);
			dependencies = (
			);
			name = fill_vector_in_parallel;
			productName = fill_vector_in_parallel;
			productReference = 966B6DCC1E778EAB005BAF6D /* fill_vector_in_parallel */;
			productType = "com.apple.product-type.tool";
		};
		967C75F91DB0C735009970B6 /* fd_ms */ = {
			isa = PBXNativeTarget;
			buildConfigurationList = 967C75FE1DB0C735009970B6 /* Build configuration list for PBXNativeTarget "fd_ms" */;
			buildPhases = (
				967C75F61DB0C735009970B6 /* Sources */,
				967C75F71DB0C735009970B6 /* Frameworks */,
				967C75F81DB0C735009970B6 /* CopyFiles */,
			);
			buildRules = (
			);
			dependencies = (
			);
			name = fd_ms;
			productName = fd_ms;
			productReference = 967C75FA1DB0C735009970B6 /* fd_ms */;
			productType = "com.apple.product-type.tool";
		};
		96808D9E1DFFBFB500F5D60F /* sa */ = {
			isa = PBXNativeTarget;
			buildConfigurationList = 96808DA31DFFBFB500F5D60F /* Build configuration list for PBXNativeTarget "sa" */;
			buildPhases = (
				96808D9B1DFFBFB500F5D60F /* Sources */,
				96808D9C1DFFBFB500F5D60F /* Frameworks */,
				96808D9D1DFFBFB500F5D60F /* CopyFiles */,
			);
			buildRules = (
			);
			dependencies = (
			);
			name = sa;
			productName = sa;
			productReference = 96808D9F1DFFBFB500F5D60F /* sa */;
			productType = "com.apple.product-type.tool";
		};
		969625B61EEA6C690075D9CD /* sanbox_parent_calls */ = {
			isa = PBXNativeTarget;
			buildConfigurationList = 969625BD1EEA6C690075D9CD /* Build configuration list for PBXNativeTarget "sanbox_parent_calls" */;
			buildPhases = (
				969625B31EEA6C690075D9CD /* Sources */,
				969625B41EEA6C690075D9CD /* Frameworks */,
				969625B51EEA6C690075D9CD /* CopyFiles */,
			);
			buildRules = (
			);
			dependencies = (
			);
			name = sanbox_parent_calls;
			productName = sanbox_parent_calls;
			productReference = 969625B71EEA6C690075D9CD /* sanbox_parent_calls */;
			productType = "com.apple.product-type.tool";
		};
		96AAD4161DCD2A2A0054A7DC /* etst_wt */ = {
			isa = PBXNativeTarget;
			buildConfigurationList = 96AAD41B1DCD2A2A0054A7DC /* Build configuration list for PBXNativeTarget "etst_wt" */;
			buildPhases = (
				96AAD4131DCD2A2A0054A7DC /* Sources */,
				96AAD4141DCD2A2A0054A7DC /* Frameworks */,
				96AAD4151DCD2A2A0054A7DC /* CopyFiles */,
			);
			buildRules = (
			);
			dependencies = (
			);
			name = etst_wt;
			productName = etst_wt;
			productReference = 96AAD4171DCD2A2A0054A7DC /* etst_wt */;
			productType = "com.apple.product-type.tool";
		};
		96B75C151F7A205400F78ECD /* compute_maxrep */ = {
			isa = PBXNativeTarget;
			buildConfigurationList = 96B75C1A1F7A205400F78ECD /* Build configuration list for PBXNativeTarget "compute_maxrep" */;
			buildPhases = (
				96B75C121F7A205400F78ECD /* Sources */,
				96B75C131F7A205400F78ECD /* Frameworks */,
				96B75C141F7A205400F78ECD /* CopyFiles */,
			);
			buildRules = (
			);
			dependencies = (
			);
			name = compute_maxrep;
			productName = compute_maxrep;
			productReference = 96B75C161F7A205400F78ECD /* compute_maxrep */;
			productType = "com.apple.product-type.tool";
		};
		96B9CE7D1ED35BD600302A61 /* dump_maxrep */ = {
			isa = PBXNativeTarget;
			buildConfigurationList = 96B9CE841ED35BD600302A61 /* Build configuration list for PBXNativeTarget "dump_maxrep" */;
			buildPhases = (
				96B9CE7A1ED35BD600302A61 /* Sources */,
				96B9CE7B1ED35BD600302A61 /* Frameworks */,
				96B9CE7C1ED35BD600302A61 /* CopyFiles */,
			);
			buildRules = (
			);
			dependencies = (
			);
			name = dump_maxrep;
			productName = dump_maxrep;
			productReference = 96B9CE7E1ED35BD600302A61 /* dump_maxrep */;
			productType = "com.apple.product-type.tool";
		};
		96B9CE911ED3F7F000302A61 /* sandbox_test_maxrep */ = {
			isa = PBXNativeTarget;
			buildConfigurationList = 96B9CE981ED3F7F000302A61 /* Build configuration list for PBXNativeTarget "sandbox_test_maxrep" */;
			buildPhases = (
				96B9CE8E1ED3F7F000302A61 /* Sources */,
				96B9CE8F1ED3F7F000302A61 /* Frameworks */,
				96B9CE901ED3F7F000302A61 /* CopyFiles */,
			);
			buildRules = (
			);
			dependencies = (
			);
			name = sandbox_test_maxrep;
			productName = sandbox_test_maxrep;
			productReference = 96B9CE921ED3F7F000302A61 /* sandbox_test_maxrep */;
			productType = "com.apple.product-type.tool";
		};
		96DF3AAB1E73E73B005C1006 /* single_vs_double_rank */ = {
			isa = PBXNativeTarget;
			buildConfigurationList = 96DF3AB01E73E73B005C1006 /* Build configuration list for PBXNativeTarget "single_vs_double_rank" */;
			buildPhases = (
				96DF3AA81E73E73B005C1006 /* Sources */,
				96DF3AA91E73E73B005C1006 /* Frameworks */,
				96DF3AAA1E73E73B005C1006 /* CopyFiles */,
			);
			buildRules = (
			);
			dependencies = (
			);
			name = single_vs_double_rank;
			productName = single_vs_double_rank;
			productReference = 96DF3AAC1E73E73B005C1006 /* single_vs_double_rank */;
			productType = "com.apple.product-type.tool";
		};
		96F15D431E3D2CD700F2AD5B /* lazy_wl_performance */ = {
			isa = PBXNativeTarget;
			buildConfigurationList = 96F15D481E3D2CD700F2AD5B /* Build configuration list for PBXNativeTarget "lazy_wl_performance" */;
			buildPhases = (
				96F15D401E3D2CD700F2AD5B /* Sources */,
				96F15D411E3D2CD700F2AD5B /* Frameworks */,
				96F15D421E3D2CD700F2AD5B /* CopyFiles */,
			);
			buildRules = (
			);
			dependencies = (
			);
			name = lazy_wl_performance;
			productName = lazy_wl_performance;
			productReference = 96F15D441E3D2CD700F2AD5B /* lazy_wl_performance */;
			productType = "com.apple.product-type.tool";
		};
/* End PBXNativeTarget section */

/* Begin PBXProject section */
		967C75CD1DB0BCEE009970B6 /* Project object */ = {
			isa = PBXProject;
			attributes = {
				LastUpgradeCheck = 0830;
				ORGANIZATIONNAME = denas;
				TargetAttributes = {
					9600B7FF1E388F82006F2605 = {
						CreatedOnToolsVersion = 8.0;
						ProvisioningStyle = Automatic;
					};
					960186081DDAD50300FFCB38 = {
						CreatedOnToolsVersion = 8.0;
						ProvisioningStyle = Automatic;
					};
					96098EBB1EA6DE3D004C5F7D = {
						CreatedOnToolsVersion = 8.2.1;
						ProvisioningStyle = Automatic;
					};
					96186F7B1FAA777800ADD29B = {
						CreatedOnToolsVersion = 8.3.3;
						ProvisioningStyle = Automatic;
					};
					961A181D1E3AE610008D1E8E = {
						CreatedOnToolsVersion = 8.0;
						ProvisioningStyle = Automatic;
					};
					963048D11E95DDF000A28BC3 = {
						CreatedOnToolsVersion = 8.2.1;
						ProvisioningStyle = Automatic;
					};
					963048E01E96147900A28BC3 = {
						CreatedOnToolsVersion = 8.2.1;
						ProvisioningStyle = Automatic;
					};
					963048EB1E9614F900A28BC3 = {
						CreatedOnToolsVersion = 8.2.1;
						ProvisioningStyle = Automatic;
					};
					963048FA1E96E81700A28BC3 = {
						CreatedOnToolsVersion = 8.2.1;
						ProvisioningStyle = Automatic;
					};
					96329F791E4867F8006167C1 = {
						CreatedOnToolsVersion = 8.0;
						ProvisioningStyle = Automatic;
					};
					963BBD5B1E367D7700E7D9EF = {
						CreatedOnToolsVersion = 8.0;
						ProvisioningStyle = Automatic;
					};
					965B90401F6C56EA004B1583 = {
						CreatedOnToolsVersion = 8.3.3;
						ProvisioningStyle = Automatic;
					};
					965E21211F56A298009F3347 = {
						CreatedOnToolsVersion = 8.3.3;
						ProvisioningStyle = Automatic;
					};
					966871EC1F9731080023DED1 = {
						CreatedOnToolsVersion = 8.3.3;
						ProvisioningStyle = Automatic;
					};
					966B6DCB1E778EAB005BAF6D = {
						CreatedOnToolsVersion = 8.2.1;
						ProvisioningStyle = Automatic;
					};
					967C75F91DB0C735009970B6 = {
						CreatedOnToolsVersion = 8.0;
						ProvisioningStyle = Automatic;
					};
					96808D9E1DFFBFB500F5D60F = {
						CreatedOnToolsVersion = 8.0;
						ProvisioningStyle = Automatic;
					};
					969625B61EEA6C690075D9CD = {
						CreatedOnToolsVersion = 8.2.1;
						ProvisioningStyle = Automatic;
					};
					96AAD4161DCD2A2A0054A7DC = {
						CreatedOnToolsVersion = 8.0;
						ProvisioningStyle = Automatic;
					};
					96B75C151F7A205400F78ECD = {
						CreatedOnToolsVersion = 8.3.3;
						ProvisioningStyle = Automatic;
					};
					96B9CE7D1ED35BD600302A61 = {
						CreatedOnToolsVersion = 8.2.1;
						ProvisioningStyle = Automatic;
					};
					96B9CE911ED3F7F000302A61 = {
						CreatedOnToolsVersion = 8.2.1;
						ProvisioningStyle = Automatic;
					};
					96DF3AAB1E73E73B005C1006 = {
						CreatedOnToolsVersion = 8.2.1;
						ProvisioningStyle = Automatic;
					};
					96F15D431E3D2CD700F2AD5B = {
						CreatedOnToolsVersion = 8.0;
						ProvisioningStyle = Automatic;
					};
				};
			};
			buildConfigurationList = 967C75D01DB0BCEE009970B6 /* Build configuration list for PBXProject "fast_ms" */;
			compatibilityVersion = "Xcode 3.2";
			developmentRegion = English;
			hasScannedForEncodings = 0;
			knownRegions = (
				en,
			);
			mainGroup = 967C75CC1DB0BCEE009970B6;
			productRefGroup = 967C75D61DB0BCEE009970B6 /* Products */;
			projectDirPath = "";
			projectRoot = "";
			targets = (
				967C75F91DB0C735009970B6 /* fd_ms */,
				96AAD4161DCD2A2A0054A7DC /* etst_wt */,
				960186081DDAD50300FFCB38 /* bp */,
				96808D9E1DFFBFB500F5D60F /* sa */,
				963BBD5B1E367D7700E7D9EF /* dump_cst */,
				9600B7FF1E388F82006F2605 /* test_select_support */,
				961A181D1E3AE610008D1E8E /* vec_agg */,
				96F15D431E3D2CD700F2AD5B /* lazy_wl_performance */,
				96329F791E4867F8006167C1 /* bin_to_txt */,
				96DF3AAB1E73E73B005C1006 /* single_vs_double_rank */,
				966B6DCB1E778EAB005BAF6D /* fill_vector_in_parallel */,
				963048D11E95DDF000A28BC3 /* bstep_performance */,
				963048E01E96147900A28BC3 /* wl_and_parent_stats */,
				963048EB1E9614F900A28BC3 /* input_stats */,
				963048FA1E96E81700A28BC3 /* sada_fd_ms */,
				96098EBB1EA6DE3D004C5F7D /* fail_vs_nonfail */,
				96B9CE7D1ED35BD600302A61 /* dump_maxrep */,
				96B9CE911ED3F7F000302A61 /* sandbox_test_maxrep */,
				969625B61EEA6C690075D9CD /* sanbox_parent_calls */,
				965E21211F56A298009F3347 /* bitvector_select_rank */,
				965B90401F6C56EA004B1583 /* sandbox_selectatdist */,
				96B75C151F7A205400F78ECD /* compute_maxrep */,
				966871EC1F9731080023DED1 /* dump_edge_lists */,
				96186F7B1FAA777800ADD29B /* dump_nwd_lists */,
			);
		};
/* End PBXProject section */

/* Begin PBXSourcesBuildPhase section */
		9600B7FC1E388F82006F2605 /* Sources */ = {
			isa = PBXSourcesBuildPhase;
			buildActionMask = 2147483647;
			files = (
			);
			runOnlyForDeploymentPostprocessing = 0;
		};
		960186051DDAD50300FFCB38 /* Sources */ = {
			isa = PBXSourcesBuildPhase;
			buildActionMask = 2147483647;
			files = (
			);
			runOnlyForDeploymentPostprocessing = 0;
		};
		96098EB81EA6DE3D004C5F7D /* Sources */ = {
			isa = PBXSourcesBuildPhase;
			buildActionMask = 2147483647;
			files = (
			);
			runOnlyForDeploymentPostprocessing = 0;
		};
		96186F781FAA777800ADD29B /* Sources */ = {
			isa = PBXSourcesBuildPhase;
			buildActionMask = 2147483647;
			files = (
				96186F7F1FAA777800ADD29B /* main.cpp in Sources */,
			);
			runOnlyForDeploymentPostprocessing = 0;
		};
		961A181A1E3AE610008D1E8E /* Sources */ = {
			isa = PBXSourcesBuildPhase;
			buildActionMask = 2147483647;
			files = (
			);
			runOnlyForDeploymentPostprocessing = 0;
		};
		963048CE1E95DDF000A28BC3 /* Sources */ = {
			isa = PBXSourcesBuildPhase;
			buildActionMask = 2147483647;
			files = (
			);
			runOnlyForDeploymentPostprocessing = 0;
		};
		963048DD1E96147900A28BC3 /* Sources */ = {
			isa = PBXSourcesBuildPhase;
			buildActionMask = 2147483647;
			files = (
			);
			runOnlyForDeploymentPostprocessing = 0;
		};
		963048E81E9614F900A28BC3 /* Sources */ = {
			isa = PBXSourcesBuildPhase;
			buildActionMask = 2147483647;
			files = (
				963048EF1E9614F900A28BC3 /* main.cpp in Sources */,
			);
			runOnlyForDeploymentPostprocessing = 0;
		};
		963048F71E96E81700A28BC3 /* Sources */ = {
			isa = PBXSourcesBuildPhase;
			buildActionMask = 2147483647;
			files = (
				963048FE1E96E81700A28BC3 /* main.cpp in Sources */,
			);
			runOnlyForDeploymentPostprocessing = 0;
		};
		96329F761E4867F8006167C1 /* Sources */ = {
			isa = PBXSourcesBuildPhase;
			buildActionMask = 2147483647;
			files = (
			);
			runOnlyForDeploymentPostprocessing = 0;
		};
		963BBD581E367D7700E7D9EF /* Sources */ = {
			isa = PBXSourcesBuildPhase;
			buildActionMask = 2147483647;
			files = (
				963BBD5F1E367D7700E7D9EF /* main.cpp in Sources */,
			);
			runOnlyForDeploymentPostprocessing = 0;
		};
		965B903D1F6C56EA004B1583 /* Sources */ = {
			isa = PBXSourcesBuildPhase;
			buildActionMask = 2147483647;
			files = (
				965B90441F6C56EA004B1583 /* main.cpp in Sources */,
			);
			runOnlyForDeploymentPostprocessing = 0;
		};
		965E211E1F56A298009F3347 /* Sources */ = {
			isa = PBXSourcesBuildPhase;
			buildActionMask = 2147483647;
			files = (
				965E21251F56A298009F3347 /* main.cpp in Sources */,
			);
			runOnlyForDeploymentPostprocessing = 0;
		};
		966871E91F9731080023DED1 /* Sources */ = {
			isa = PBXSourcesBuildPhase;
			buildActionMask = 2147483647;
			files = (
				966871F01F9731080023DED1 /* main.cpp in Sources */,
			);
			runOnlyForDeploymentPostprocessing = 0;
		};
		966B6DC81E778EAB005BAF6D /* Sources */ = {
			isa = PBXSourcesBuildPhase;
			buildActionMask = 2147483647;
			files = (
			);
			runOnlyForDeploymentPostprocessing = 0;
		};
		967C75F61DB0C735009970B6 /* Sources */ = {
			isa = PBXSourcesBuildPhase;
			buildActionMask = 2147483647;
			files = (
				967C76061DB0CAAC009970B6 /* fd_ms.cpp in Sources */,
			);
			runOnlyForDeploymentPostprocessing = 0;
		};
		96808D9B1DFFBFB500F5D60F /* Sources */ = {
			isa = PBXSourcesBuildPhase;
			buildActionMask = 2147483647;
			files = (
			);
			runOnlyForDeploymentPostprocessing = 0;
		};
		969625B31EEA6C690075D9CD /* Sources */ = {
			isa = PBXSourcesBuildPhase;
			buildActionMask = 2147483647;
			files = (
				969625BA1EEA6C690075D9CD /* main.cpp in Sources */,
			);
			runOnlyForDeploymentPostprocessing = 0;
		};
		96AAD4131DCD2A2A0054A7DC /* Sources */ = {
			isa = PBXSourcesBuildPhase;
			buildActionMask = 2147483647;
			files = (
			);
			runOnlyForDeploymentPostprocessing = 0;
		};
		96B75C121F7A205400F78ECD /* Sources */ = {
			isa = PBXSourcesBuildPhase;
			buildActionMask = 2147483647;
			files = (
			);
			runOnlyForDeploymentPostprocessing = 0;
		};
		96B9CE7A1ED35BD600302A61 /* Sources */ = {
			isa = PBXSourcesBuildPhase;
			buildActionMask = 2147483647;
			files = (
				96B9CE811ED35BD600302A61 /* main.cpp in Sources */,
			);
			runOnlyForDeploymentPostprocessing = 0;
		};
		96B9CE8E1ED3F7F000302A61 /* Sources */ = {
			isa = PBXSourcesBuildPhase;
			buildActionMask = 2147483647;
			files = (
				96B9CE951ED3F7F000302A61 /* main.cpp in Sources */,
			);
			runOnlyForDeploymentPostprocessing = 0;
		};
		96DF3AA81E73E73B005C1006 /* Sources */ = {
			isa = PBXSourcesBuildPhase;
			buildActionMask = 2147483647;
			files = (
			);
			runOnlyForDeploymentPostprocessing = 0;
		};
		96F15D401E3D2CD700F2AD5B /* Sources */ = {
			isa = PBXSourcesBuildPhase;
			buildActionMask = 2147483647;
			files = (
			);
			runOnlyForDeploymentPostprocessing = 0;
		};
/* End PBXSourcesBuildPhase section */

/* Begin XCBuildConfiguration section */
		9600B8041E388F82006F2605 /* Debug */ = {
			isa = XCBuildConfiguration;
			buildSettings = {
				ALWAYS_SEARCH_USER_PATHS = NO;
				CLANG_CXX_LANGUAGE_STANDARD = "gnu++0x";
				PRODUCT_NAME = "$(TARGET_NAME)";
			};
			name = Debug;
		};
		9600B8051E388F82006F2605 /* Release */ = {
			isa = XCBuildConfiguration;
			buildSettings = {
				ALWAYS_SEARCH_USER_PATHS = NO;
				CLANG_CXX_LANGUAGE_STANDARD = "gnu++0x";
				PRODUCT_NAME = "$(TARGET_NAME)";
			};
			name = Release;
		};
		9601860D1DDAD50300FFCB38 /* Debug */ = {
			isa = XCBuildConfiguration;
			buildSettings = {
				ALWAYS_SEARCH_USER_PATHS = NO;
				CLANG_CXX_LANGUAGE_STANDARD = "gnu++0x";
				PRODUCT_NAME = "$(TARGET_NAME)";
			};
			name = Debug;
		};
		9601860E1DDAD50300FFCB38 /* Release */ = {
			isa = XCBuildConfiguration;
			buildSettings = {
				ALWAYS_SEARCH_USER_PATHS = NO;
				CLANG_CXX_LANGUAGE_STANDARD = "gnu++0x";
				PRODUCT_NAME = "$(TARGET_NAME)";
			};
			name = Release;
		};
		96098EC01EA6DE3D004C5F7D /* Debug */ = {
			isa = XCBuildConfiguration;
			buildSettings = {
				ALWAYS_SEARCH_USER_PATHS = NO;
				CLANG_CXX_LANGUAGE_STANDARD = "gnu++0x";
				CLANG_WARN_DOCUMENTATION_COMMENTS = YES;
				CLANG_WARN_SUSPICIOUS_MOVE = YES;
				GCC_WARN_64_TO_32_BIT_CONVERSION = YES;
				PRODUCT_NAME = "$(TARGET_NAME)";
			};
			name = Debug;
		};
		96098EC11EA6DE3D004C5F7D /* Release */ = {
			isa = XCBuildConfiguration;
			buildSettings = {
				ALWAYS_SEARCH_USER_PATHS = NO;
				CLANG_CXX_LANGUAGE_STANDARD = "gnu++0x";
				CLANG_WARN_DOCUMENTATION_COMMENTS = YES;
				CLANG_WARN_SUSPICIOUS_MOVE = YES;
				GCC_WARN_64_TO_32_BIT_CONVERSION = YES;
				PRODUCT_NAME = "$(TARGET_NAME)";
			};
			name = Release;
		};
		96186F811FAA777800ADD29B /* Debug */ = {
			isa = XCBuildConfiguration;
			buildSettings = {
				ALWAYS_SEARCH_USER_PATHS = NO;
				CLANG_ANALYZER_NUMBER_OBJECT_CONVERSION = YES_AGGRESSIVE;
				CLANG_CXX_LANGUAGE_STANDARD = "gnu++0x";
				CLANG_WARN_DOCUMENTATION_COMMENTS = YES;
				GCC_WARN_64_TO_32_BIT_CONVERSION = YES;
				PRODUCT_NAME = "$(TARGET_NAME)";
			};
			name = Debug;
		};
		96186F821FAA777800ADD29B /* Release */ = {
			isa = XCBuildConfiguration;
			buildSettings = {
				ALWAYS_SEARCH_USER_PATHS = NO;
				CLANG_ANALYZER_NUMBER_OBJECT_CONVERSION = YES_AGGRESSIVE;
				CLANG_CXX_LANGUAGE_STANDARD = "gnu++0x";
				CLANG_WARN_DOCUMENTATION_COMMENTS = YES;
				GCC_WARN_64_TO_32_BIT_CONVERSION = YES;
				PRODUCT_NAME = "$(TARGET_NAME)";
			};
			name = Release;
		};
		961A18221E3AE610008D1E8E /* Debug */ = {
			isa = XCBuildConfiguration;
			buildSettings = {
				ALWAYS_SEARCH_USER_PATHS = NO;
				CLANG_CXX_LANGUAGE_STANDARD = "gnu++0x";
				PRODUCT_NAME = "$(TARGET_NAME)";
			};
			name = Debug;
		};
		961A18231E3AE610008D1E8E /* Release */ = {
			isa = XCBuildConfiguration;
			buildSettings = {
				ALWAYS_SEARCH_USER_PATHS = NO;
				CLANG_CXX_LANGUAGE_STANDARD = "gnu++0x";
				PRODUCT_NAME = "$(TARGET_NAME)";
			};
			name = Release;
		};
		963048D71E95DDF000A28BC3 /* Debug */ = {
			isa = XCBuildConfiguration;
			buildSettings = {
				ALWAYS_SEARCH_USER_PATHS = NO;
				CLANG_CXX_LANGUAGE_STANDARD = "gnu++0x";
				CLANG_WARN_SUSPICIOUS_MOVE = YES;
				PRODUCT_NAME = "$(TARGET_NAME)";
			};
			name = Debug;
		};
		963048D81E95DDF000A28BC3 /* Release */ = {
			isa = XCBuildConfiguration;
			buildSettings = {
				ALWAYS_SEARCH_USER_PATHS = NO;
				CLANG_CXX_LANGUAGE_STANDARD = "gnu++0x";
				CLANG_WARN_SUSPICIOUS_MOVE = YES;
				PRODUCT_NAME = "$(TARGET_NAME)";
			};
			name = Release;
		};
		963048E61E96147900A28BC3 /* Debug */ = {
			isa = XCBuildConfiguration;
			buildSettings = {
				ALWAYS_SEARCH_USER_PATHS = NO;
				CLANG_CXX_LANGUAGE_STANDARD = "gnu++0x";
				CLANG_WARN_SUSPICIOUS_MOVE = YES;
				PRODUCT_NAME = "$(TARGET_NAME)";
			};
			name = Debug;
		};
		963048E71E96147900A28BC3 /* Release */ = {
			isa = XCBuildConfiguration;
			buildSettings = {
				ALWAYS_SEARCH_USER_PATHS = NO;
				CLANG_CXX_LANGUAGE_STANDARD = "gnu++0x";
				CLANG_WARN_SUSPICIOUS_MOVE = YES;
				PRODUCT_NAME = "$(TARGET_NAME)";
			};
			name = Release;
		};
		963048F11E9614F900A28BC3 /* Debug */ = {
			isa = XCBuildConfiguration;
			buildSettings = {
				ALWAYS_SEARCH_USER_PATHS = NO;
				CLANG_CXX_LANGUAGE_STANDARD = "gnu++0x";
				CLANG_WARN_SUSPICIOUS_MOVE = YES;
				MACOSX_DEPLOYMENT_TARGET = 10.12;
				PRODUCT_NAME = "$(TARGET_NAME)";
			};
			name = Debug;
		};
		963048F21E9614F900A28BC3 /* Release */ = {
			isa = XCBuildConfiguration;
			buildSettings = {
				ALWAYS_SEARCH_USER_PATHS = NO;
				CLANG_CXX_LANGUAGE_STANDARD = "gnu++0x";
				CLANG_WARN_SUSPICIOUS_MOVE = YES;
				MACOSX_DEPLOYMENT_TARGET = 10.12;
				PRODUCT_NAME = "$(TARGET_NAME)";
			};
			name = Release;
		};
		963049001E96E81700A28BC3 /* Debug */ = {
			isa = XCBuildConfiguration;
			buildSettings = {
				ALWAYS_SEARCH_USER_PATHS = NO;
				CLANG_CXX_LANGUAGE_STANDARD = "gnu++0x";
				CLANG_WARN_SUSPICIOUS_MOVE = YES;
				PRODUCT_NAME = "$(TARGET_NAME)";
			};
			name = Debug;
		};
		963049011E96E81700A28BC3 /* Release */ = {
			isa = XCBuildConfiguration;
			buildSettings = {
				ALWAYS_SEARCH_USER_PATHS = NO;
				CLANG_CXX_LANGUAGE_STANDARD = "gnu++0x";
				CLANG_WARN_SUSPICIOUS_MOVE = YES;
				PRODUCT_NAME = "$(TARGET_NAME)";
			};
			name = Release;
		};
		96329F7F1E4867F8006167C1 /* Debug */ = {
			isa = XCBuildConfiguration;
			buildSettings = {
				ALWAYS_SEARCH_USER_PATHS = NO;
				CLANG_CXX_LANGUAGE_STANDARD = "gnu++0x";
				PRODUCT_NAME = "$(TARGET_NAME)";
			};
			name = Debug;
		};
		96329F801E4867F8006167C1 /* Release */ = {
			isa = XCBuildConfiguration;
			buildSettings = {
				ALWAYS_SEARCH_USER_PATHS = NO;
				CLANG_CXX_LANGUAGE_STANDARD = "gnu++0x";
				PRODUCT_NAME = "$(TARGET_NAME)";
			};
			name = Release;
		};
		963BBD601E367D7700E7D9EF /* Debug */ = {
			isa = XCBuildConfiguration;
			buildSettings = {
				ALWAYS_SEARCH_USER_PATHS = NO;
				CLANG_CXX_LANGUAGE_STANDARD = "gnu++0x";
				PRODUCT_NAME = "$(TARGET_NAME)";
			};
			name = Debug;
		};
		963BBD611E367D7700E7D9EF /* Release */ = {
			isa = XCBuildConfiguration;
			buildSettings = {
				ALWAYS_SEARCH_USER_PATHS = NO;
				CLANG_CXX_LANGUAGE_STANDARD = "gnu++0x";
				PRODUCT_NAME = "$(TARGET_NAME)";
			};
			name = Release;
		};
		965B90451F6C56EA004B1583 /* Debug */ = {
			isa = XCBuildConfiguration;
			buildSettings = {
				ALWAYS_SEARCH_USER_PATHS = NO;
				CLANG_ANALYZER_NUMBER_OBJECT_CONVERSION = YES_AGGRESSIVE;
				CLANG_CXX_LANGUAGE_STANDARD = "gnu++0x";
				CLANG_WARN_DOCUMENTATION_COMMENTS = YES;
				GCC_WARN_64_TO_32_BIT_CONVERSION = YES;
				PRODUCT_NAME = "$(TARGET_NAME)";
			};
			name = Debug;
		};
		965B90461F6C56EA004B1583 /* Release */ = {
			isa = XCBuildConfiguration;
			buildSettings = {
				ALWAYS_SEARCH_USER_PATHS = NO;
				CLANG_ANALYZER_NUMBER_OBJECT_CONVERSION = YES_AGGRESSIVE;
				CLANG_CXX_LANGUAGE_STANDARD = "gnu++0x";
				CLANG_WARN_DOCUMENTATION_COMMENTS = YES;
				GCC_WARN_64_TO_32_BIT_CONVERSION = YES;
				PRODUCT_NAME = "$(TARGET_NAME)";
			};
			name = Release;
		};
		965E21261F56A298009F3347 /* Debug */ = {
			isa = XCBuildConfiguration;
			buildSettings = {
				ALWAYS_SEARCH_USER_PATHS = NO;
				CLANG_ANALYZER_NUMBER_OBJECT_CONVERSION = YES_AGGRESSIVE;
				CLANG_CXX_LANGUAGE_STANDARD = "gnu++0x";
				CLANG_WARN_DOCUMENTATION_COMMENTS = YES;
				GCC_WARN_64_TO_32_BIT_CONVERSION = YES;
				PRODUCT_NAME = "$(TARGET_NAME)";
			};
			name = Debug;
		};
		965E21271F56A298009F3347 /* Release */ = {
			isa = XCBuildConfiguration;
			buildSettings = {
				ALWAYS_SEARCH_USER_PATHS = NO;
				CLANG_ANALYZER_NUMBER_OBJECT_CONVERSION = YES_AGGRESSIVE;
				CLANG_CXX_LANGUAGE_STANDARD = "gnu++0x";
				CLANG_WARN_DOCUMENTATION_COMMENTS = YES;
				GCC_WARN_64_TO_32_BIT_CONVERSION = YES;
				PRODUCT_NAME = "$(TARGET_NAME)";
			};
			name = Release;
		};
		966871F21F9731080023DED1 /* Debug */ = {
			isa = XCBuildConfiguration;
			buildSettings = {
				ALWAYS_SEARCH_USER_PATHS = NO;
				CLANG_ANALYZER_NUMBER_OBJECT_CONVERSION = YES_AGGRESSIVE;
				CLANG_CXX_LANGUAGE_STANDARD = "gnu++0x";
				CLANG_WARN_DOCUMENTATION_COMMENTS = YES;
				GCC_WARN_64_TO_32_BIT_CONVERSION = YES;
				PRODUCT_NAME = "$(TARGET_NAME)";
			};
			name = Debug;
		};
		966871F31F9731080023DED1 /* Release */ = {
			isa = XCBuildConfiguration;
			buildSettings = {
				ALWAYS_SEARCH_USER_PATHS = NO;
				CLANG_ANALYZER_NUMBER_OBJECT_CONVERSION = YES_AGGRESSIVE;
				CLANG_CXX_LANGUAGE_STANDARD = "gnu++0x";
				CLANG_WARN_DOCUMENTATION_COMMENTS = YES;
				GCC_WARN_64_TO_32_BIT_CONVERSION = YES;
				PRODUCT_NAME = "$(TARGET_NAME)";
			};
			name = Release;
		};
		966B6DD01E778EAB005BAF6D /* Debug */ = {
			isa = XCBuildConfiguration;
			buildSettings = {
				ALWAYS_SEARCH_USER_PATHS = NO;
				CLANG_CXX_LANGUAGE_STANDARD = "gnu++0x";
				CLANG_WARN_SUSPICIOUS_MOVE = YES;
				PRODUCT_NAME = "$(TARGET_NAME)";
			};
			name = Debug;
		};
		966B6DD11E778EAB005BAF6D /* Release */ = {
			isa = XCBuildConfiguration;
			buildSettings = {
				ALWAYS_SEARCH_USER_PATHS = NO;
				CLANG_CXX_LANGUAGE_STANDARD = "gnu++0x";
				CLANG_WARN_SUSPICIOUS_MOVE = YES;
				PRODUCT_NAME = "$(TARGET_NAME)";
			};
			name = Release;
		};
		967C75DA1DB0BCEE009970B6 /* Debug */ = {
			isa = XCBuildConfiguration;
			buildSettings = {
				ALWAYS_SEARCH_USER_PATHS = YES;
				CLANG_ANALYZER_NONNULL = YES;
				CLANG_CXX_LANGUAGE_STANDARD = "c++0x";
				CLANG_CXX_LIBRARY = "libc++";
				CLANG_ENABLE_MODULES = YES;
				CLANG_ENABLE_OBJC_ARC = YES;
				CLANG_WARN_BOOL_CONVERSION = YES;
				CLANG_WARN_CONSTANT_CONVERSION = YES;
				CLANG_WARN_DIRECT_OBJC_ISA_USAGE = YES_ERROR;
				CLANG_WARN_DOCUMENTATION_COMMENTS = NO;
				CLANG_WARN_EMPTY_BODY = YES;
				CLANG_WARN_ENUM_CONVERSION = YES;
				CLANG_WARN_INFINITE_RECURSION = YES;
				CLANG_WARN_INT_CONVERSION = YES;
				CLANG_WARN_OBJC_ROOT_CLASS = YES_ERROR;
				CLANG_WARN_SUSPICIOUS_MOVE = YES;
				CLANG_WARN_SUSPICIOUS_MOVES = YES;
				CLANG_WARN_UNREACHABLE_CODE = YES;
				CLANG_WARN__DUPLICATE_METHOD_MATCH = YES;
				CODE_SIGN_IDENTITY = "-";
				COPY_PHASE_STRIP = NO;
				DEBUG_INFORMATION_FORMAT = dwarf;
				ENABLE_STRICT_OBJC_MSGSEND = YES;
				ENABLE_TESTABILITY = YES;
				GCC_C_LANGUAGE_STANDARD = gnu99;
				GCC_DYNAMIC_NO_PIC = NO;
				GCC_NO_COMMON_BLOCKS = YES;
				GCC_OPTIMIZATION_LEVEL = 0;
				GCC_PREPROCESSOR_DEFINITIONS = (
					"DEBUG=1",
					"$(inherited)",
				);
				GCC_WARN_64_TO_32_BIT_CONVERSION = NO;
				GCC_WARN_ABOUT_RETURN_TYPE = YES_ERROR;
				GCC_WARN_UNDECLARED_SELECTOR = YES;
				GCC_WARN_UNINITIALIZED_AUTOS = YES_AGGRESSIVE;
				GCC_WARN_UNUSED_FUNCTION = YES;
				GCC_WARN_UNUSED_VARIABLE = YES;
				HEADER_SEARCH_PATHS = /Users/denas/arch/Darwin_x86_64/include;
				LIBRARY_SEARCH_PATHS = /Users/denas/arch/Darwin_x86_64/lib;
				MACOSX_DEPLOYMENT_TARGET = 10.12;
				MTL_ENABLE_DEBUG_INFO = YES;
				ONLY_ACTIVE_ARCH = YES;
				SDKROOT = macosx;
			};
			name = Debug;
		};
		967C75DB1DB0BCEE009970B6 /* Release */ = {
			isa = XCBuildConfiguration;
			buildSettings = {
				ALWAYS_SEARCH_USER_PATHS = YES;
				CLANG_ANALYZER_NONNULL = YES;
				CLANG_CXX_LANGUAGE_STANDARD = "c++0x";
				CLANG_CXX_LIBRARY = "libc++";
				CLANG_ENABLE_MODULES = YES;
				CLANG_ENABLE_OBJC_ARC = YES;
				CLANG_WARN_BOOL_CONVERSION = YES;
				CLANG_WARN_CONSTANT_CONVERSION = YES;
				CLANG_WARN_DIRECT_OBJC_ISA_USAGE = YES_ERROR;
				CLANG_WARN_DOCUMENTATION_COMMENTS = NO;
				CLANG_WARN_EMPTY_BODY = YES;
				CLANG_WARN_ENUM_CONVERSION = YES;
				CLANG_WARN_INFINITE_RECURSION = YES;
				CLANG_WARN_INT_CONVERSION = YES;
				CLANG_WARN_OBJC_ROOT_CLASS = YES_ERROR;
				CLANG_WARN_SUSPICIOUS_MOVE = YES;
				CLANG_WARN_SUSPICIOUS_MOVES = YES;
				CLANG_WARN_UNREACHABLE_CODE = YES;
				CLANG_WARN__DUPLICATE_METHOD_MATCH = YES;
				CODE_SIGN_IDENTITY = "-";
				COPY_PHASE_STRIP = NO;
				DEBUG_INFORMATION_FORMAT = "dwarf-with-dsym";
				ENABLE_NS_ASSERTIONS = NO;
				ENABLE_STRICT_OBJC_MSGSEND = YES;
				GCC_C_LANGUAGE_STANDARD = gnu99;
				GCC_NO_COMMON_BLOCKS = YES;
				GCC_WARN_64_TO_32_BIT_CONVERSION = NO;
				GCC_WARN_ABOUT_RETURN_TYPE = YES_ERROR;
				GCC_WARN_UNDECLARED_SELECTOR = YES;
				GCC_WARN_UNINITIALIZED_AUTOS = YES_AGGRESSIVE;
				GCC_WARN_UNUSED_FUNCTION = YES;
				GCC_WARN_UNUSED_VARIABLE = YES;
				HEADER_SEARCH_PATHS = /Users/denas/arch/Darwin_x86_64/include;
				LIBRARY_SEARCH_PATHS = /Users/denas/arch/Darwin_x86_64/lib;
				MACOSX_DEPLOYMENT_TARGET = 10.12;
				MTL_ENABLE_DEBUG_INFO = NO;
				SDKROOT = macosx;
			};
			name = Release;
		};
		967C75FF1DB0C735009970B6 /* Debug */ = {
			isa = XCBuildConfiguration;
			buildSettings = {
				ALWAYS_SEARCH_USER_PATHS = YES;
				CLANG_CXX_LANGUAGE_STANDARD = "gnu++0x";
				PRODUCT_NAME = "$(TARGET_NAME)";
			};
			name = Debug;
		};
		967C76001DB0C735009970B6 /* Release */ = {
			isa = XCBuildConfiguration;
			buildSettings = {
				ALWAYS_SEARCH_USER_PATHS = YES;
				CLANG_CXX_LANGUAGE_STANDARD = "gnu++0x";
				PRODUCT_NAME = "$(TARGET_NAME)";
			};
			name = Release;
		};
		96808DA41DFFBFB500F5D60F /* Debug */ = {
			isa = XCBuildConfiguration;
			buildSettings = {
				ALWAYS_SEARCH_USER_PATHS = NO;
				CLANG_CXX_LANGUAGE_STANDARD = "gnu++0x";
				PRODUCT_NAME = "$(TARGET_NAME)";
			};
			name = Debug;
		};
		96808DA51DFFBFB500F5D60F /* Release */ = {
			isa = XCBuildConfiguration;
			buildSettings = {
				ALWAYS_SEARCH_USER_PATHS = NO;
				CLANG_CXX_LANGUAGE_STANDARD = "gnu++0x";
				PRODUCT_NAME = "$(TARGET_NAME)";
			};
			name = Release;
		};
		969625BB1EEA6C690075D9CD /* Debug */ = {
			isa = XCBuildConfiguration;
			buildSettings = {
				ALWAYS_SEARCH_USER_PATHS = NO;
				CLANG_CXX_LANGUAGE_STANDARD = "gnu++0x";
				CLANG_WARN_DOCUMENTATION_COMMENTS = YES;
				CLANG_WARN_SUSPICIOUS_MOVE = YES;
				GCC_WARN_64_TO_32_BIT_CONVERSION = YES;
				PRODUCT_NAME = "$(TARGET_NAME)";
			};
			name = Debug;
		};
		969625BC1EEA6C690075D9CD /* Release */ = {
			isa = XCBuildConfiguration;
			buildSettings = {
				ALWAYS_SEARCH_USER_PATHS = NO;
				CLANG_CXX_LANGUAGE_STANDARD = "gnu++0x";
				CLANG_WARN_DOCUMENTATION_COMMENTS = YES;
				CLANG_WARN_SUSPICIOUS_MOVE = YES;
				GCC_WARN_64_TO_32_BIT_CONVERSION = YES;
				PRODUCT_NAME = "$(TARGET_NAME)";
			};
			name = Release;
		};
		96AAD41C1DCD2A2A0054A7DC /* Debug */ = {
			isa = XCBuildConfiguration;
			buildSettings = {
				ALWAYS_SEARCH_USER_PATHS = NO;
				CLANG_CXX_LANGUAGE_STANDARD = "gnu++0x";
				PRODUCT_NAME = "$(TARGET_NAME)";
			};
			name = Debug;
		};
		96AAD41D1DCD2A2A0054A7DC /* Release */ = {
			isa = XCBuildConfiguration;
			buildSettings = {
				ALWAYS_SEARCH_USER_PATHS = NO;
				CLANG_CXX_LANGUAGE_STANDARD = "gnu++0x";
				PRODUCT_NAME = "$(TARGET_NAME)";
			};
			name = Release;
		};
		96B75C1B1F7A205400F78ECD /* Debug */ = {
			isa = XCBuildConfiguration;
			buildSettings = {
				ALWAYS_SEARCH_USER_PATHS = NO;
				CLANG_ANALYZER_NUMBER_OBJECT_CONVERSION = YES_AGGRESSIVE;
				CLANG_CXX_LANGUAGE_STANDARD = "gnu++0x";
				CLANG_WARN_DOCUMENTATION_COMMENTS = YES;
				GCC_WARN_64_TO_32_BIT_CONVERSION = YES;
				PRODUCT_NAME = "$(TARGET_NAME)";
			};
			name = Debug;
		};
		96B75C1C1F7A205400F78ECD /* Release */ = {
			isa = XCBuildConfiguration;
			buildSettings = {
				ALWAYS_SEARCH_USER_PATHS = NO;
				CLANG_ANALYZER_NUMBER_OBJECT_CONVERSION = YES_AGGRESSIVE;
				CLANG_CXX_LANGUAGE_STANDARD = "gnu++0x";
				CLANG_WARN_DOCUMENTATION_COMMENTS = YES;
				GCC_WARN_64_TO_32_BIT_CONVERSION = YES;
				PRODUCT_NAME = "$(TARGET_NAME)";
			};
			name = Release;
		};
		96B9CE821ED35BD600302A61 /* Debug */ = {
			isa = XCBuildConfiguration;
			buildSettings = {
				ALWAYS_SEARCH_USER_PATHS = NO;
				CLANG_CXX_LANGUAGE_STANDARD = "gnu++0x";
				CLANG_WARN_DOCUMENTATION_COMMENTS = YES;
				CLANG_WARN_SUSPICIOUS_MOVE = YES;
				GCC_WARN_64_TO_32_BIT_CONVERSION = YES;
				PRODUCT_NAME = "$(TARGET_NAME)";
			};
			name = Debug;
		};
		96B9CE831ED35BD600302A61 /* Release */ = {
			isa = XCBuildConfiguration;
			buildSettings = {
				ALWAYS_SEARCH_USER_PATHS = NO;
				CLANG_CXX_LANGUAGE_STANDARD = "gnu++0x";
				CLANG_WARN_DOCUMENTATION_COMMENTS = YES;
				CLANG_WARN_SUSPICIOUS_MOVE = YES;
				GCC_WARN_64_TO_32_BIT_CONVERSION = YES;
				PRODUCT_NAME = "$(TARGET_NAME)";
			};
			name = Release;
		};
		96B9CE961ED3F7F000302A61 /* Debug */ = {
			isa = XCBuildConfiguration;
			buildSettings = {
				ALWAYS_SEARCH_USER_PATHS = NO;
				CLANG_CXX_LANGUAGE_STANDARD = "gnu++0x";
				CLANG_WARN_DOCUMENTATION_COMMENTS = YES;
				CLANG_WARN_SUSPICIOUS_MOVE = YES;
				GCC_WARN_64_TO_32_BIT_CONVERSION = YES;
				PRODUCT_NAME = "$(TARGET_NAME)";
			};
			name = Debug;
		};
		96B9CE971ED3F7F000302A61 /* Release */ = {
			isa = XCBuildConfiguration;
			buildSettings = {
				ALWAYS_SEARCH_USER_PATHS = NO;
				CLANG_CXX_LANGUAGE_STANDARD = "gnu++0x";
				CLANG_WARN_DOCUMENTATION_COMMENTS = YES;
				CLANG_WARN_SUSPICIOUS_MOVE = YES;
				GCC_WARN_64_TO_32_BIT_CONVERSION = YES;
				PRODUCT_NAME = "$(TARGET_NAME)";
			};
			name = Release;
		};
		96DF3AB11E73E73B005C1006 /* Debug */ = {
			isa = XCBuildConfiguration;
			buildSettings = {
				ALWAYS_SEARCH_USER_PATHS = NO;
				CLANG_CXX_LANGUAGE_STANDARD = "gnu++0x";
				CLANG_WARN_SUSPICIOUS_MOVE = YES;
				PRODUCT_NAME = "$(TARGET_NAME)";
			};
			name = Debug;
		};
		96DF3AB21E73E73B005C1006 /* Release */ = {
			isa = XCBuildConfiguration;
			buildSettings = {
				ALWAYS_SEARCH_USER_PATHS = NO;
				CLANG_CXX_LANGUAGE_STANDARD = "gnu++0x";
				CLANG_WARN_SUSPICIOUS_MOVE = YES;
				PRODUCT_NAME = "$(TARGET_NAME)";
			};
			name = Release;
		};
		96F15D491E3D2CD700F2AD5B /* Debug */ = {
			isa = XCBuildConfiguration;
			buildSettings = {
				ALWAYS_SEARCH_USER_PATHS = NO;
				CLANG_CXX_LANGUAGE_STANDARD = "gnu++0x";
				PRODUCT_NAME = "$(TARGET_NAME)";
			};
			name = Debug;
		};
		96F15D4A1E3D2CD700F2AD5B /* Release */ = {
			isa = XCBuildConfiguration;
			buildSettings = {
				ALWAYS_SEARCH_USER_PATHS = NO;
				CLANG_CXX_LANGUAGE_STANDARD = "gnu++0x";
				PRODUCT_NAME = "$(TARGET_NAME)";
			};
			name = Release;
		};
/* End XCBuildConfiguration section */

/* Begin XCConfigurationList section */
		9600B8061E388F82006F2605 /* Build configuration list for PBXNativeTarget "test_select_support" */ = {
			isa = XCConfigurationList;
			buildConfigurations = (
				9600B8041E388F82006F2605 /* Debug */,
				9600B8051E388F82006F2605 /* Release */,
			);
			defaultConfigurationIsVisible = 0;
			defaultConfigurationName = Debug;
		};
		9601860F1DDAD50300FFCB38 /* Build configuration list for PBXNativeTarget "bp" */ = {
			isa = XCConfigurationList;
			buildConfigurations = (
				9601860D1DDAD50300FFCB38 /* Debug */,
				9601860E1DDAD50300FFCB38 /* Release */,
			);
			defaultConfigurationIsVisible = 0;
			defaultConfigurationName = Debug;
		};
		96098EC21EA6DE3D004C5F7D /* Build configuration list for PBXNativeTarget "fail_vs_nonfail" */ = {
			isa = XCConfigurationList;
			buildConfigurations = (
				96098EC01EA6DE3D004C5F7D /* Debug */,
				96098EC11EA6DE3D004C5F7D /* Release */,
			);
			defaultConfigurationIsVisible = 0;
			defaultConfigurationName = Debug;
		};
		96186F801FAA777800ADD29B /* Build configuration list for PBXNativeTarget "dump_nwd_lists" */ = {
			isa = XCConfigurationList;
			buildConfigurations = (
				96186F811FAA777800ADD29B /* Debug */,
				96186F821FAA777800ADD29B /* Release */,
			);
			defaultConfigurationIsVisible = 0;
		};
		961A18241E3AE610008D1E8E /* Build configuration list for PBXNativeTarget "vec_agg" */ = {
			isa = XCConfigurationList;
			buildConfigurations = (
				961A18221E3AE610008D1E8E /* Debug */,
				961A18231E3AE610008D1E8E /* Release */,
			);
			defaultConfigurationIsVisible = 0;
			defaultConfigurationName = Debug;
		};
		963048D61E95DDF000A28BC3 /* Build configuration list for PBXNativeTarget "bstep_performance" */ = {
			isa = XCConfigurationList;
			buildConfigurations = (
				963048D71E95DDF000A28BC3 /* Debug */,
				963048D81E95DDF000A28BC3 /* Release */,
			);
			defaultConfigurationIsVisible = 0;
			defaultConfigurationName = Debug;
		};
		963048E51E96147900A28BC3 /* Build configuration list for PBXNativeTarget "wl_and_parent_stats" */ = {
			isa = XCConfigurationList;
			buildConfigurations = (
				963048E61E96147900A28BC3 /* Debug */,
				963048E71E96147900A28BC3 /* Release */,
			);
			defaultConfigurationIsVisible = 0;
			defaultConfigurationName = Debug;
		};
		963048F01E9614F900A28BC3 /* Build configuration list for PBXNativeTarget "input_stats" */ = {
			isa = XCConfigurationList;
			buildConfigurations = (
				963048F11E9614F900A28BC3 /* Debug */,
				963048F21E9614F900A28BC3 /* Release */,
			);
			defaultConfigurationIsVisible = 0;
			defaultConfigurationName = Debug;
		};
		963048FF1E96E81700A28BC3 /* Build configuration list for PBXNativeTarget "sada_fd_ms" */ = {
			isa = XCConfigurationList;
			buildConfigurations = (
				963049001E96E81700A28BC3 /* Debug */,
				963049011E96E81700A28BC3 /* Release */,
			);
			defaultConfigurationIsVisible = 0;
			defaultConfigurationName = Debug;
		};
		96329F7E1E4867F8006167C1 /* Build configuration list for PBXNativeTarget "bin_to_txt" */ = {
			isa = XCConfigurationList;
			buildConfigurations = (
				96329F7F1E4867F8006167C1 /* Debug */,
				96329F801E4867F8006167C1 /* Release */,
			);
			defaultConfigurationIsVisible = 0;
			defaultConfigurationName = Debug;
		};
		963BBD621E367D7700E7D9EF /* Build configuration list for PBXNativeTarget "dump_cst" */ = {
			isa = XCConfigurationList;
			buildConfigurations = (
				963BBD601E367D7700E7D9EF /* Debug */,
				963BBD611E367D7700E7D9EF /* Release */,
			);
			defaultConfigurationIsVisible = 0;
			defaultConfigurationName = Debug;
		};
		965B90471F6C56EA004B1583 /* Build configuration list for PBXNativeTarget "sandbox_selectatdist" */ = {
			isa = XCConfigurationList;
			buildConfigurations = (
				965B90451F6C56EA004B1583 /* Debug */,
				965B90461F6C56EA004B1583 /* Release */,
			);
			defaultConfigurationIsVisible = 0;
			defaultConfigurationName = Debug;
		};
		965E21281F56A298009F3347 /* Build configuration list for PBXNativeTarget "bitvector_select_rank" */ = {
			isa = XCConfigurationList;
			buildConfigurations = (
				965E21261F56A298009F3347 /* Debug */,
				965E21271F56A298009F3347 /* Release */,
			);
			defaultConfigurationIsVisible = 0;
			defaultConfigurationName = Debug;
		};
		966871F11F9731080023DED1 /* Build configuration list for PBXNativeTarget "dump_edge_lists" */ = {
			isa = XCConfigurationList;
			buildConfigurations = (
				966871F21F9731080023DED1 /* Debug */,
				966871F31F9731080023DED1 /* Release */,
			);
			defaultConfigurationIsVisible = 0;
			defaultConfigurationName = Debug;
		};
		966B6DD21E778EAB005BAF6D /* Build configuration list for PBXNativeTarget "fill_vector_in_parallel" */ = {
			isa = XCConfigurationList;
			buildConfigurations = (
				966B6DD01E778EAB005BAF6D /* Debug */,
				966B6DD11E778EAB005BAF6D /* Release */,
			);
			defaultConfigurationIsVisible = 0;
			defaultConfigurationName = Debug;
		};
		967C75D01DB0BCEE009970B6 /* Build configuration list for PBXProject "fast_ms" */ = {
			isa = XCConfigurationList;
			buildConfigurations = (
				967C75DA1DB0BCEE009970B6 /* Debug */,
				967C75DB1DB0BCEE009970B6 /* Release */,
			);
			defaultConfigurationIsVisible = 0;
			defaultConfigurationName = Debug;
		};
		967C75FE1DB0C735009970B6 /* Build configuration list for PBXNativeTarget "fd_ms" */ = {
			isa = XCConfigurationList;
			buildConfigurations = (
				967C75FF1DB0C735009970B6 /* Debug */,
				967C76001DB0C735009970B6 /* Release */,
			);
			defaultConfigurationIsVisible = 0;
			defaultConfigurationName = Debug;
		};
		96808DA31DFFBFB500F5D60F /* Build configuration list for PBXNativeTarget "sa" */ = {
			isa = XCConfigurationList;
			buildConfigurations = (
				96808DA41DFFBFB500F5D60F /* Debug */,
				96808DA51DFFBFB500F5D60F /* Release */,
			);
			defaultConfigurationIsVisible = 0;
			defaultConfigurationName = Debug;
		};
		969625BD1EEA6C690075D9CD /* Build configuration list for PBXNativeTarget "sanbox_parent_calls" */ = {
			isa = XCConfigurationList;
			buildConfigurations = (
				969625BB1EEA6C690075D9CD /* Debug */,
				969625BC1EEA6C690075D9CD /* Release */,
			);
			defaultConfigurationIsVisible = 0;
			defaultConfigurationName = Debug;
		};
		96AAD41B1DCD2A2A0054A7DC /* Build configuration list for PBXNativeTarget "etst_wt" */ = {
			isa = XCConfigurationList;
			buildConfigurations = (
				96AAD41C1DCD2A2A0054A7DC /* Debug */,
				96AAD41D1DCD2A2A0054A7DC /* Release */,
			);
			defaultConfigurationIsVisible = 0;
			defaultConfigurationName = Debug;
		};
		96B75C1A1F7A205400F78ECD /* Build configuration list for PBXNativeTarget "compute_maxrep" */ = {
			isa = XCConfigurationList;
			buildConfigurations = (
				96B75C1B1F7A205400F78ECD /* Debug */,
				96B75C1C1F7A205400F78ECD /* Release */,
			);
			defaultConfigurationIsVisible = 0;
			defaultConfigurationName = Debug;
		};
		96B9CE841ED35BD600302A61 /* Build configuration list for PBXNativeTarget "dump_maxrep" */ = {
			isa = XCConfigurationList;
			buildConfigurations = (
				96B9CE821ED35BD600302A61 /* Debug */,
				96B9CE831ED35BD600302A61 /* Release */,
			);
			defaultConfigurationIsVisible = 0;
			defaultConfigurationName = Debug;
		};
		96B9CE981ED3F7F000302A61 /* Build configuration list for PBXNativeTarget "sandbox_test_maxrep" */ = {
			isa = XCConfigurationList;
			buildConfigurations = (
				96B9CE961ED3F7F000302A61 /* Debug */,
				96B9CE971ED3F7F000302A61 /* Release */,
			);
			defaultConfigurationIsVisible = 0;
			defaultConfigurationName = Debug;
		};
		96DF3AB01E73E73B005C1006 /* Build configuration list for PBXNativeTarget "single_vs_double_rank" */ = {
			isa = XCConfigurationList;
			buildConfigurations = (
				96DF3AB11E73E73B005C1006 /* Debug */,
				96DF3AB21E73E73B005C1006 /* Release */,
			);
			defaultConfigurationIsVisible = 0;
			defaultConfigurationName = Debug;
		};
		96F15D481E3D2CD700F2AD5B /* Build configuration list for PBXNativeTarget "lazy_wl_performance" */ = {
			isa = XCConfigurationList;
			buildConfigurations = (
				96F15D491E3D2CD700F2AD5B /* Debug */,
				96F15D4A1E3D2CD700F2AD5B /* Release */,
			);
			defaultConfigurationIsVisible = 0;
			defaultConfigurationName = Debug;
		};
/* End XCConfigurationList section */
	};
	rootObject = 967C75CD1DB0BCEE009970B6 /* Project object */;
}
