// !$*UTF8*$!
{
	archiveVersion = 1;
	classes = {
	};
	objectVersion = 46;
	objects = {

/* Begin PBXBuildFile section */
		9600B8031E388F82006F2605 /* main.cpp in Sources */ = {isa = PBXBuildFile; fileRef = 9600B8021E388F82006F2605 /* main.cpp */; };
		9600B8071E3892A7006F2605 /* libbwt.a in Frameworks */ = {isa = PBXBuildFile; fileRef = 960186021DD5BFB600FFCB38 /* libbwt.a */; };
		9600B8081E3892A7006F2605 /* libdivsufsort.a in Frameworks */ = {isa = PBXBuildFile; fileRef = 96D636DC1DC846B500C13088 /* libdivsufsort.a */; };
		9600B8091E3892A7006F2605 /* libdivsufsort64.a in Frameworks */ = {isa = PBXBuildFile; fileRef = 96D636DD1DC846B500C13088 /* libdivsufsort64.a */; };
		9600B80A1E3892A7006F2605 /* libsdsl.a in Frameworks */ = {isa = PBXBuildFile; fileRef = 96D636DE1DC846B500C13088 /* libsdsl.a */; };
		960186011DD5A90000FFCB38 /* libbwt.a in Frameworks */ = {isa = PBXBuildFile; fileRef = 960186001DD5A90000FFCB38 /* libbwt.a */; };
		960186031DD5BFB600FFCB38 /* libbwt.a in Frameworks */ = {isa = PBXBuildFile; fileRef = 960186021DD5BFB600FFCB38 /* libbwt.a */; };
		9601860C1DDAD50300FFCB38 /* main.cpp in Sources */ = {isa = PBXBuildFile; fileRef = 9601860B1DDAD50300FFCB38 /* main.cpp */; };
		960186101DDAD55A00FFCB38 /* libbwt.a in Frameworks */ = {isa = PBXBuildFile; fileRef = 960186021DD5BFB600FFCB38 /* libbwt.a */; };
		960186111DDAD55A00FFCB38 /* libdivsufsort.a in Frameworks */ = {isa = PBXBuildFile; fileRef = 96D636DC1DC846B500C13088 /* libdivsufsort.a */; };
		960186121DDAD55A00FFCB38 /* libdivsufsort64.a in Frameworks */ = {isa = PBXBuildFile; fileRef = 96D636DD1DC846B500C13088 /* libdivsufsort64.a */; };
		960186131DDAD55A00FFCB38 /* libsdsl.a in Frameworks */ = {isa = PBXBuildFile; fileRef = 96D636DE1DC846B500C13088 /* libsdsl.a */; };
		963BBD5F1E367D7700E7D9EF /* main.cpp in Sources */ = {isa = PBXBuildFile; fileRef = 963BBD5E1E367D7700E7D9EF /* main.cpp */; };
		963BBD631E367ED700E7D9EF /* libbwt.a in Frameworks */ = {isa = PBXBuildFile; fileRef = 960186021DD5BFB600FFCB38 /* libbwt.a */; };
		963BBD641E367ED700E7D9EF /* libdivsufsort.a in Frameworks */ = {isa = PBXBuildFile; fileRef = 96D636DC1DC846B500C13088 /* libdivsufsort.a */; };
		963BBD651E367ED700E7D9EF /* libdivsufsort64.a in Frameworks */ = {isa = PBXBuildFile; fileRef = 96D636DD1DC846B500C13088 /* libdivsufsort64.a */; };
		963BBD661E367ED700E7D9EF /* libsdsl.a in Frameworks */ = {isa = PBXBuildFile; fileRef = 96D636DE1DC846B500C13088 /* libsdsl.a */; };
		967C76061DB0CAAC009970B6 /* fd_ms.cpp in Sources */ = {isa = PBXBuildFile; fileRef = 967C75FC1DB0C735009970B6 /* fd_ms.cpp */; };
		96808DA21DFFBFB500F5D60F /* main.cpp in Sources */ = {isa = PBXBuildFile; fileRef = 96808DA11DFFBFB500F5D60F /* main.cpp */; };
		96808DA61DFFC25F00F5D60F /* libbwt.a in Frameworks */ = {isa = PBXBuildFile; fileRef = 960186021DD5BFB600FFCB38 /* libbwt.a */; };
		96808DA71DFFC25F00F5D60F /* libdivsufsort.a in Frameworks */ = {isa = PBXBuildFile; fileRef = 96D636DC1DC846B500C13088 /* libdivsufsort.a */; };
		96808DA81DFFC25F00F5D60F /* libdivsufsort64.a in Frameworks */ = {isa = PBXBuildFile; fileRef = 96D636DD1DC846B500C13088 /* libdivsufsort64.a */; };
		96808DA91DFFC25F00F5D60F /* libsdsl.a in Frameworks */ = {isa = PBXBuildFile; fileRef = 96D636DE1DC846B500C13088 /* libsdsl.a */; };
		96AAD41A1DCD2A2A0054A7DC /* main.cpp in Sources */ = {isa = PBXBuildFile; fileRef = 96AAD4191DCD2A2A0054A7DC /* main.cpp */; };
		96AAD41E1DCD2A4C0054A7DC /* libdivsufsort.a in Frameworks */ = {isa = PBXBuildFile; fileRef = 96D636DC1DC846B500C13088 /* libdivsufsort.a */; };
		96AAD41F1DCD2A4C0054A7DC /* libdivsufsort64.a in Frameworks */ = {isa = PBXBuildFile; fileRef = 96D636DD1DC846B500C13088 /* libdivsufsort64.a */; };
		96AAD4201DCD2A4C0054A7DC /* libsdsl.a in Frameworks */ = {isa = PBXBuildFile; fileRef = 96D636DE1DC846B500C13088 /* libsdsl.a */; };
		96D636DF1DC846B500C13088 /* libdivsufsort.a in Frameworks */ = {isa = PBXBuildFile; fileRef = 96D636DC1DC846B500C13088 /* libdivsufsort.a */; };
		96D636E01DC846B500C13088 /* libdivsufsort64.a in Frameworks */ = {isa = PBXBuildFile; fileRef = 96D636DD1DC846B500C13088 /* libdivsufsort64.a */; };
		96D636E11DC846B500C13088 /* libsdsl.a in Frameworks */ = {isa = PBXBuildFile; fileRef = 96D636DE1DC846B500C13088 /* libsdsl.a */; };
/* End PBXBuildFile section */

/* Begin PBXCopyFilesBuildPhase section */
		9600B7FE1E388F82006F2605 /* CopyFiles */ = {
			isa = PBXCopyFilesBuildPhase;
			buildActionMask = 2147483647;
			dstPath = /usr/share/man/man1/;
			dstSubfolderSpec = 0;
			files = (
			);
			runOnlyForDeploymentPostprocessing = 1;
		};
		960186071DDAD50300FFCB38 /* CopyFiles */ = {
			isa = PBXCopyFilesBuildPhase;
			buildActionMask = 2147483647;
			dstPath = /usr/share/man/man1/;
			dstSubfolderSpec = 0;
			files = (
			);
			runOnlyForDeploymentPostprocessing = 1;
		};
		963BBD5A1E367D7700E7D9EF /* CopyFiles */ = {
			isa = PBXCopyFilesBuildPhase;
			buildActionMask = 2147483647;
			dstPath = /usr/share/man/man1/;
			dstSubfolderSpec = 0;
			files = (
			);
			runOnlyForDeploymentPostprocessing = 1;
		};
		967C75F81DB0C735009970B6 /* CopyFiles */ = {
			isa = PBXCopyFilesBuildPhase;
			buildActionMask = 2147483647;
			dstPath = /usr/share/man/man1/;
			dstSubfolderSpec = 0;
			files = (
			);
			runOnlyForDeploymentPostprocessing = 1;
		};
		96808D9D1DFFBFB500F5D60F /* CopyFiles */ = {
			isa = PBXCopyFilesBuildPhase;
			buildActionMask = 2147483647;
			dstPath = /usr/share/man/man1/;
			dstSubfolderSpec = 0;
			files = (
			);
			runOnlyForDeploymentPostprocessing = 1;
		};
		96AAD4151DCD2A2A0054A7DC /* CopyFiles */ = {
			isa = PBXCopyFilesBuildPhase;
			buildActionMask = 2147483647;
			dstPath = /usr/share/man/man1/;
			dstSubfolderSpec = 0;
			files = (
			);
			runOnlyForDeploymentPostprocessing = 1;
		};
/* End PBXCopyFilesBuildPhase section */

/* Begin PBXFileReference section */
		9600B8001E388F82006F2605 /* test_select_support */ = {isa = PBXFileReference; explicitFileType = "compiled.mach-o.executable"; includeInIndex = 0; path = test_select_support; sourceTree = BUILT_PRODUCTS_DIR; };
		9600B8021E388F82006F2605 /* main.cpp */ = {isa = PBXFileReference; lastKnownFileType = sourcecode.cpp.cpp; path = main.cpp; sourceTree = "<group>"; };
		960186001DD5A90000FFCB38 /* libbwt.a */ = {isa = PBXFileReference; lastKnownFileType = archive.ar; name = libbwt.a; path = ../../d_dbwt/libbwt.a; sourceTree = "<group>"; };
		960186021DD5BFB600FFCB38 /* libbwt.a */ = {isa = PBXFileReference; lastKnownFileType = archive.ar; name = libbwt.a; path = ../../../../../arch/Darwin_x86_64/lib/libbwt.a; sourceTree = "<group>"; };
		960186091DDAD50300FFCB38 /* bp */ = {isa = PBXFileReference; explicitFileType = "compiled.mach-o.executable"; includeInIndex = 0; path = bp; sourceTree = BUILT_PRODUCTS_DIR; };
		9601860B1DDAD50300FFCB38 /* main.cpp */ = {isa = PBXFileReference; lastKnownFileType = sourcecode.cpp.cpp; path = main.cpp; sourceTree = "<group>"; };
		963BBD5C1E367D7700E7D9EF /* dump_cst */ = {isa = PBXFileReference; explicitFileType = "compiled.mach-o.executable"; includeInIndex = 0; path = dump_cst; sourceTree = BUILT_PRODUCTS_DIR; };
		963BBD5E1E367D7700E7D9EF /* main.cpp */ = {isa = PBXFileReference; lastKnownFileType = sourcecode.cpp.cpp; path = main.cpp; sourceTree = "<group>"; };
		963D80581DF3CC8B002D661B /* stree_sada.hpp */ = {isa = PBXFileReference; fileEncoding = 4; lastKnownFileType = sourcecode.cpp.h; path = stree_sada.hpp; sourceTree = "<group>"; };
		963D80591DF3CE1B002D661B /* stree_sct3.hpp */ = {isa = PBXFileReference; fileEncoding = 4; lastKnownFileType = sourcecode.cpp.h; path = stree_sct3.hpp; sourceTree = "<group>"; };
		965557DE1DCB14A6000FD168 /* fd_ms.hpp */ = {isa = PBXFileReference; fileEncoding = 4; lastKnownFileType = sourcecode.cpp.h; path = fd_ms.hpp; sourceTree = "<group>"; };
		967C75FA1DB0C735009970B6 /* fd_ms */ = {isa = PBXFileReference; explicitFileType = "compiled.mach-o.executable"; includeInIndex = 0; path = fd_ms; sourceTree = BUILT_PRODUCTS_DIR; };
		967C75FC1DB0C735009970B6 /* fd_ms.cpp */ = {isa = PBXFileReference; lastKnownFileType = sourcecode.cpp.cpp; path = fd_ms.cpp; sourceTree = "<group>"; };
		96808D9F1DFFBFB500F5D60F /* sa */ = {isa = PBXFileReference; explicitFileType = "compiled.mach-o.executable"; includeInIndex = 0; path = sa; sourceTree = BUILT_PRODUCTS_DIR; };
		96808DA11DFFBFB500F5D60F /* main.cpp */ = {isa = PBXFileReference; lastKnownFileType = sourcecode.cpp.cpp; path = main.cpp; sourceTree = "<group>"; };
		96808DAA1DFFD64F00F5D60F /* fd_ms_algorithms.hpp */ = {isa = PBXFileReference; fileEncoding = 4; lastKnownFileType = sourcecode.cpp.h; path = fd_ms_algorithms.hpp; sourceTree = "<group>"; };
		96808DAB1DFFDB1700F5D60F /* basic.hpp */ = {isa = PBXFileReference; fileEncoding = 4; lastKnownFileType = sourcecode.cpp.h; path = basic.hpp; sourceTree = "<group>"; };
		96AAD4171DCD2A2A0054A7DC /* etst_wt */ = {isa = PBXFileReference; explicitFileType = "compiled.mach-o.executable"; includeInIndex = 0; path = etst_wt; sourceTree = BUILT_PRODUCTS_DIR; };
		96AAD4191DCD2A2A0054A7DC /* main.cpp */ = {isa = PBXFileReference; lastKnownFileType = sourcecode.cpp.cpp; path = main.cpp; sourceTree = "<group>"; };
		96BFC0CC1DDAFBD100757270 /* Bwt.hpp */ = {isa = PBXFileReference; fileEncoding = 4; lastKnownFileType = sourcecode.cpp.h; path = Bwt.hpp; sourceTree = "<group>"; };
		96C94CFB1DF1559F00C447B6 /* bp_sada.hpp */ = {isa = PBXFileReference; fileEncoding = 4; lastKnownFileType = sourcecode.cpp.h; path = bp_sada.hpp; sourceTree = "<group>"; };
		96C94CFC1DF155D600C447B6 /* bp_geary.hpp */ = {isa = PBXFileReference; fileEncoding = 4; lastKnownFileType = sourcecode.cpp.h; path = bp_geary.hpp; sourceTree = "<group>"; };
		96D636DC1DC846B500C13088 /* libdivsufsort.a */ = {isa = PBXFileReference; lastKnownFileType = archive.ar; name = libdivsufsort.a; path = ../../../../../arch/Darwin_x86_64/lib/libdivsufsort.a; sourceTree = "<group>"; };
		96D636DD1DC846B500C13088 /* libdivsufsort64.a */ = {isa = PBXFileReference; lastKnownFileType = archive.ar; name = libdivsufsort64.a; path = ../../../../../arch/Darwin_x86_64/lib/libdivsufsort64.a; sourceTree = "<group>"; };
		96D636DE1DC846B500C13088 /* libsdsl.a */ = {isa = PBXFileReference; lastKnownFileType = archive.ar; name = libsdsl.a; path = ../../../../../arch/Darwin_x86_64/lib/libsdsl.a; sourceTree = "<group>"; };
/* End PBXFileReference section */

/* Begin PBXFrameworksBuildPhase section */
		9600B7FD1E388F82006F2605 /* Frameworks */ = {
			isa = PBXFrameworksBuildPhase;
			buildActionMask = 2147483647;
			files = (
				9600B8071E3892A7006F2605 /* libbwt.a in Frameworks */,
				9600B8081E3892A7006F2605 /* libdivsufsort.a in Frameworks */,
				9600B8091E3892A7006F2605 /* libdivsufsort64.a in Frameworks */,
				9600B80A1E3892A7006F2605 /* libsdsl.a in Frameworks */,
			);
			runOnlyForDeploymentPostprocessing = 0;
		};
		960186061DDAD50300FFCB38 /* Frameworks */ = {
			isa = PBXFrameworksBuildPhase;
			buildActionMask = 2147483647;
			files = (
				960186101DDAD55A00FFCB38 /* libbwt.a in Frameworks */,
				960186111DDAD55A00FFCB38 /* libdivsufsort.a in Frameworks */,
				960186121DDAD55A00FFCB38 /* libdivsufsort64.a in Frameworks */,
				960186131DDAD55A00FFCB38 /* libsdsl.a in Frameworks */,
			);
			runOnlyForDeploymentPostprocessing = 0;
		};
		963BBD591E367D7700E7D9EF /* Frameworks */ = {
			isa = PBXFrameworksBuildPhase;
			buildActionMask = 2147483647;
			files = (
				963BBD631E367ED700E7D9EF /* libbwt.a in Frameworks */,
				963BBD641E367ED700E7D9EF /* libdivsufsort.a in Frameworks */,
				963BBD651E367ED700E7D9EF /* libdivsufsort64.a in Frameworks */,
				963BBD661E367ED700E7D9EF /* libsdsl.a in Frameworks */,
			);
			runOnlyForDeploymentPostprocessing = 0;
		};
		967C75F71DB0C735009970B6 /* Frameworks */ = {
			isa = PBXFrameworksBuildPhase;
			buildActionMask = 2147483647;
			files = (
				960186031DD5BFB600FFCB38 /* libbwt.a in Frameworks */,
				96D636DF1DC846B500C13088 /* libdivsufsort.a in Frameworks */,
				96D636E01DC846B500C13088 /* libdivsufsort64.a in Frameworks */,
				96D636E11DC846B500C13088 /* libsdsl.a in Frameworks */,
			);
			runOnlyForDeploymentPostprocessing = 0;
		};
		96808D9C1DFFBFB500F5D60F /* Frameworks */ = {
			isa = PBXFrameworksBuildPhase;
			buildActionMask = 2147483647;
			files = (
				96808DA61DFFC25F00F5D60F /* libbwt.a in Frameworks */,
				96808DA71DFFC25F00F5D60F /* libdivsufsort.a in Frameworks */,
				96808DA81DFFC25F00F5D60F /* libdivsufsort64.a in Frameworks */,
				96808DA91DFFC25F00F5D60F /* libsdsl.a in Frameworks */,
			);
			runOnlyForDeploymentPostprocessing = 0;
		};
		96AAD4141DCD2A2A0054A7DC /* Frameworks */ = {
			isa = PBXFrameworksBuildPhase;
			buildActionMask = 2147483647;
			files = (
				960186011DD5A90000FFCB38 /* libbwt.a in Frameworks */,
				96AAD41E1DCD2A4C0054A7DC /* libdivsufsort.a in Frameworks */,
				96AAD41F1DCD2A4C0054A7DC /* libdivsufsort64.a in Frameworks */,
				96AAD4201DCD2A4C0054A7DC /* libsdsl.a in Frameworks */,
			);
			runOnlyForDeploymentPostprocessing = 0;
		};
/* End PBXFrameworksBuildPhase section */

/* Begin PBXGroup section */
		9600B8011E388F82006F2605 /* test_select_support */ = {
			isa = PBXGroup;
			children = (
				9600B8021E388F82006F2605 /* main.cpp */,
			);
			path = test_select_support;
			sourceTree = "<group>";
		};
		9601860A1DDAD50300FFCB38 /* bp */ = {
			isa = PBXGroup;
			children = (
				9601860B1DDAD50300FFCB38 /* main.cpp */,
			);
			path = bp;
			sourceTree = "<group>";
		};
		963BBD5D1E367D7700E7D9EF /* dump_cst */ = {
			isa = PBXGroup;
			children = (
				963BBD5E1E367D7700E7D9EF /* main.cpp */,
			);
			path = dump_cst;
			sourceTree = "<group>";
		};
		967C75CC1DB0BCEE009970B6 = {
			isa = PBXGroup;
			children = (
				967C75FB1DB0C735009970B6 /* fd_ms */,
				96AAD4181DCD2A2A0054A7DC /* etst_wt */,
				9601860A1DDAD50300FFCB38 /* bp */,
				96808DA01DFFBFB500F5D60F /* sa */,
				963BBD5D1E367D7700E7D9EF /* dump_cst */,
				9600B8011E388F82006F2605 /* test_select_support */,
				967C75D61DB0BCEE009970B6 /* Products */,
				967C75DF1DB0C010009970B6 /* Frameworks */,
			);
			sourceTree = "<group>";
		};
		967C75D61DB0BCEE009970B6 /* Products */ = {
			isa = PBXGroup;
			children = (
				967C75FA1DB0C735009970B6 /* fd_ms */,
				96AAD4171DCD2A2A0054A7DC /* etst_wt */,
				960186091DDAD50300FFCB38 /* bp */,
				96808D9F1DFFBFB500F5D60F /* sa */,
				963BBD5C1E367D7700E7D9EF /* dump_cst */,
				9600B8001E388F82006F2605 /* test_select_support */,
			);
			name = Products;
			sourceTree = "<group>";
		};
		967C75DF1DB0C010009970B6 /* Frameworks */ = {
			isa = PBXGroup;
			children = (
				960186021DD5BFB600FFCB38 /* libbwt.a */,
				960186001DD5A90000FFCB38 /* libbwt.a */,
				96D636DC1DC846B500C13088 /* libdivsufsort.a */,
				96D636DD1DC846B500C13088 /* libdivsufsort64.a */,
				96D636DE1DC846B500C13088 /* libsdsl.a */,
			);
			name = Frameworks;
			sourceTree = "<group>";
		};
		967C75FB1DB0C735009970B6 /* fd_ms */ = {
			isa = PBXGroup;
			children = (
				963D80591DF3CE1B002D661B /* stree_sct3.hpp */,
				963D80581DF3CC8B002D661B /* stree_sada.hpp */,
				96C94CFB1DF1559F00C447B6 /* bp_sada.hpp */,
				967C75FC1DB0C735009970B6 /* fd_ms.cpp */,
				965557DE1DCB14A6000FD168 /* fd_ms.hpp */,
				96BFC0CC1DDAFBD100757270 /* Bwt.hpp */,
				96C94CFC1DF155D600C447B6 /* bp_geary.hpp */,
				96808DAA1DFFD64F00F5D60F /* fd_ms_algorithms.hpp */,
				96808DAB1DFFDB1700F5D60F /* basic.hpp */,
			);
			path = fd_ms;
			sourceTree = "<group>";
		};
		96808DA01DFFBFB500F5D60F /* sa */ = {
			isa = PBXGroup;
			children = (
				96808DA11DFFBFB500F5D60F /* main.cpp */,
			);
			path = sa;
			sourceTree = "<group>";
		};
		96AAD4181DCD2A2A0054A7DC /* etst_wt */ = {
			isa = PBXGroup;
			children = (
				96AAD4191DCD2A2A0054A7DC /* main.cpp */,
			);
			path = etst_wt;
			sourceTree = "<group>";
		};
/* End PBXGroup section */

/* Begin PBXNativeTarget section */
		9600B7FF1E388F82006F2605 /* test_select_support */ = {
			isa = PBXNativeTarget;
			buildConfigurationList = 9600B8061E388F82006F2605 /* Build configuration list for PBXNativeTarget "test_select_support" */;
			buildPhases = (
				9600B7FC1E388F82006F2605 /* Sources */,
				9600B7FD1E388F82006F2605 /* Frameworks */,
				9600B7FE1E388F82006F2605 /* CopyFiles */,
			);
			buildRules = (
			);
			dependencies = (
			);
			name = test_select_support;
			productName = test_select_support;
			productReference = 9600B8001E388F82006F2605 /* test_select_support */;
			productType = "com.apple.product-type.tool";
		};
		960186081DDAD50300FFCB38 /* bp */ = {
			isa = PBXNativeTarget;
			buildConfigurationList = 9601860F1DDAD50300FFCB38 /* Build configuration list for PBXNativeTarget "bp" */;
			buildPhases = (
				960186051DDAD50300FFCB38 /* Sources */,
				960186061DDAD50300FFCB38 /* Frameworks */,
				960186071DDAD50300FFCB38 /* CopyFiles */,
			);
			buildRules = (
			);
			dependencies = (
			);
			name = bp;
			productName = bp;
			productReference = 960186091DDAD50300FFCB38 /* bp */;
			productType = "com.apple.product-type.tool";
		};
		963BBD5B1E367D7700E7D9EF /* dump_cst */ = {
			isa = PBXNativeTarget;
			buildConfigurationList = 963BBD621E367D7700E7D9EF /* Build configuration list for PBXNativeTarget "dump_cst" */;
			buildPhases = (
				963BBD581E367D7700E7D9EF /* Sources */,
				963BBD591E367D7700E7D9EF /* Frameworks */,
				963BBD5A1E367D7700E7D9EF /* CopyFiles */,
			);
			buildRules = (
			);
			dependencies = (
			);
			name = dump_cst;
			productName = dump_cst;
			productReference = 963BBD5C1E367D7700E7D9EF /* dump_cst */;
			productType = "com.apple.product-type.tool";
		};
		967C75F91DB0C735009970B6 /* fd_ms */ = {
			isa = PBXNativeTarget;
			buildConfigurationList = 967C75FE1DB0C735009970B6 /* Build configuration list for PBXNativeTarget "fd_ms" */;
			buildPhases = (
				967C75F61DB0C735009970B6 /* Sources */,
				967C75F71DB0C735009970B6 /* Frameworks */,
				967C75F81DB0C735009970B6 /* CopyFiles */,
			);
			buildRules = (
			);
			dependencies = (
			);
			name = fd_ms;
			productName = fd_ms;
			productReference = 967C75FA1DB0C735009970B6 /* fd_ms */;
			productType = "com.apple.product-type.tool";
		};
		96808D9E1DFFBFB500F5D60F /* sa */ = {
			isa = PBXNativeTarget;
			buildConfigurationList = 96808DA31DFFBFB500F5D60F /* Build configuration list for PBXNativeTarget "sa" */;
			buildPhases = (
				96808D9B1DFFBFB500F5D60F /* Sources */,
				96808D9C1DFFBFB500F5D60F /* Frameworks */,
				96808D9D1DFFBFB500F5D60F /* CopyFiles */,
			);
			buildRules = (
			);
			dependencies = (
			);
			name = sa;
			productName = sa;
			productReference = 96808D9F1DFFBFB500F5D60F /* sa */;
			productType = "com.apple.product-type.tool";
		};
		96AAD4161DCD2A2A0054A7DC /* etst_wt */ = {
			isa = PBXNativeTarget;
			buildConfigurationList = 96AAD41B1DCD2A2A0054A7DC /* Build configuration list for PBXNativeTarget "etst_wt" */;
			buildPhases = (
				96AAD4131DCD2A2A0054A7DC /* Sources */,
				96AAD4141DCD2A2A0054A7DC /* Frameworks */,
				96AAD4151DCD2A2A0054A7DC /* CopyFiles */,
			);
			buildRules = (
			);
			dependencies = (
			);
			name = etst_wt;
			productName = etst_wt;
			productReference = 96AAD4171DCD2A2A0054A7DC /* etst_wt */;
			productType = "com.apple.product-type.tool";
		};
/* End PBXNativeTarget section */

/* Begin PBXProject section */
		967C75CD1DB0BCEE009970B6 /* Project object */ = {
			isa = PBXProject;
			attributes = {
				LastUpgradeCheck = 0800;
				ORGANIZATIONNAME = denas;
				TargetAttributes = {
					9600B7FF1E388F82006F2605 = {
						CreatedOnToolsVersion = 8.0;
						ProvisioningStyle = Automatic;
					};
					960186081DDAD50300FFCB38 = {
						CreatedOnToolsVersion = 8.0;
						ProvisioningStyle = Automatic;
					};
					963BBD5B1E367D7700E7D9EF = {
						CreatedOnToolsVersion = 8.0;
						ProvisioningStyle = Automatic;
					};
					967C75F91DB0C735009970B6 = {
						CreatedOnToolsVersion = 8.0;
						ProvisioningStyle = Automatic;
					};
					96808D9E1DFFBFB500F5D60F = {
						CreatedOnToolsVersion = 8.0;
						ProvisioningStyle = Automatic;
					};
					96AAD4161DCD2A2A0054A7DC = {
						CreatedOnToolsVersion = 8.0;
						ProvisioningStyle = Automatic;
					};
				};
			};
			buildConfigurationList = 967C75D01DB0BCEE009970B6 /* Build configuration list for PBXProject "fast_ms" */;
			compatibilityVersion = "Xcode 3.2";
			developmentRegion = English;
			hasScannedForEncodings = 0;
			knownRegions = (
				en,
			);
			mainGroup = 967C75CC1DB0BCEE009970B6;
			productRefGroup = 967C75D61DB0BCEE009970B6 /* Products */;
			projectDirPath = "";
			projectRoot = "";
			targets = (
				967C75F91DB0C735009970B6 /* fd_ms */,
				96AAD4161DCD2A2A0054A7DC /* etst_wt */,
				960186081DDAD50300FFCB38 /* bp */,
				96808D9E1DFFBFB500F5D60F /* sa */,
				963BBD5B1E367D7700E7D9EF /* dump_cst */,
				9600B7FF1E388F82006F2605 /* test_select_support */,
			);
		};
/* End PBXProject section */

/* Begin PBXSourcesBuildPhase section */
		9600B7FC1E388F82006F2605 /* Sources */ = {
			isa = PBXSourcesBuildPhase;
			buildActionMask = 2147483647;
			files = (
				9600B8031E388F82006F2605 /* main.cpp in Sources */,
			);
			runOnlyForDeploymentPostprocessing = 0;
		};
		960186051DDAD50300FFCB38 /* Sources */ = {
			isa = PBXSourcesBuildPhase;
			buildActionMask = 2147483647;
			files = (
				9601860C1DDAD50300FFCB38 /* main.cpp in Sources */,
			);
			runOnlyForDeploymentPostprocessing = 0;
		};
		963BBD581E367D7700E7D9EF /* Sources */ = {
			isa = PBXSourcesBuildPhase;
			buildActionMask = 2147483647;
			files = (
				963BBD5F1E367D7700E7D9EF /* main.cpp in Sources */,
			);
			runOnlyForDeploymentPostprocessing = 0;
		};
		967C75F61DB0C735009970B6 /* Sources */ = {
			isa = PBXSourcesBuildPhase;
			buildActionMask = 2147483647;
			files = (
				967C76061DB0CAAC009970B6 /* fd_ms.cpp in Sources */,
			);
			runOnlyForDeploymentPostprocessing = 0;
		};
		96808D9B1DFFBFB500F5D60F /* Sources */ = {
			isa = PBXSourcesBuildPhase;
			buildActionMask = 2147483647;
			files = (
				96808DA21DFFBFB500F5D60F /* main.cpp in Sources */,
			);
			runOnlyForDeploymentPostprocessing = 0;
		};
		96AAD4131DCD2A2A0054A7DC /* Sources */ = {
			isa = PBXSourcesBuildPhase;
			buildActionMask = 2147483647;
			files = (
				96AAD41A1DCD2A2A0054A7DC /* main.cpp in Sources */,
			);
			runOnlyForDeploymentPostprocessing = 0;
		};
/* End PBXSourcesBuildPhase section */

/* Begin XCBuildConfiguration section */
		9600B8041E388F82006F2605 /* Debug */ = {
			isa = XCBuildConfiguration;
			buildSettings = {
				ALWAYS_SEARCH_USER_PATHS = NO;
				CLANG_CXX_LANGUAGE_STANDARD = "gnu++0x";
				PRODUCT_NAME = "$(TARGET_NAME)";
			};
			name = Debug;
		};
		9600B8051E388F82006F2605 /* Release */ = {
			isa = XCBuildConfiguration;
			buildSettings = {
				ALWAYS_SEARCH_USER_PATHS = NO;
				CLANG_CXX_LANGUAGE_STANDARD = "gnu++0x";
				PRODUCT_NAME = "$(TARGET_NAME)";
			};
			name = Release;
		};
		9601860D1DDAD50300FFCB38 /* Debug */ = {
			isa = XCBuildConfiguration;
			buildSettings = {
				ALWAYS_SEARCH_USER_PATHS = NO;
				CLANG_CXX_LANGUAGE_STANDARD = "gnu++0x";
				PRODUCT_NAME = "$(TARGET_NAME)";
			};
			name = Debug;
		};
		9601860E1DDAD50300FFCB38 /* Release */ = {
			isa = XCBuildConfiguration;
			buildSettings = {
				ALWAYS_SEARCH_USER_PATHS = NO;
				CLANG_CXX_LANGUAGE_STANDARD = "gnu++0x";
				PRODUCT_NAME = "$(TARGET_NAME)";
			};
			name = Release;
		};
		963BBD601E367D7700E7D9EF /* Debug */ = {
			isa = XCBuildConfiguration;
			buildSettings = {
				ALWAYS_SEARCH_USER_PATHS = NO;
				CLANG_CXX_LANGUAGE_STANDARD = "gnu++0x";
				PRODUCT_NAME = "$(TARGET_NAME)";
			};
			name = Debug;
		};
		963BBD611E367D7700E7D9EF /* Release */ = {
			isa = XCBuildConfiguration;
			buildSettings = {
				ALWAYS_SEARCH_USER_PATHS = NO;
				CLANG_CXX_LANGUAGE_STANDARD = "gnu++0x";
				PRODUCT_NAME = "$(TARGET_NAME)";
			};
			name = Release;
		};
		967C75DA1DB0BCEE009970B6 /* Debug */ = {
			isa = XCBuildConfiguration;
			buildSettings = {
				ALWAYS_SEARCH_USER_PATHS = YES;
				CLANG_ANALYZER_NONNULL = YES;
				CLANG_CXX_LANGUAGE_STANDARD = "c++0x";
				CLANG_CXX_LIBRARY = "libc++";
				CLANG_ENABLE_MODULES = YES;
				CLANG_ENABLE_OBJC_ARC = YES;
				CLANG_WARN_BOOL_CONVERSION = YES;
				CLANG_WARN_CONSTANT_CONVERSION = YES;
				CLANG_WARN_DIRECT_OBJC_ISA_USAGE = YES_ERROR;
				CLANG_WARN_DOCUMENTATION_COMMENTS = YES;
				CLANG_WARN_EMPTY_BODY = YES;
				CLANG_WARN_ENUM_CONVERSION = YES;
				CLANG_WARN_INFINITE_RECURSION = YES;
				CLANG_WARN_INT_CONVERSION = YES;
				CLANG_WARN_OBJC_ROOT_CLASS = YES_ERROR;
				CLANG_WARN_SUSPICIOUS_MOVES = YES;
				CLANG_WARN_UNREACHABLE_CODE = YES;
				CLANG_WARN__DUPLICATE_METHOD_MATCH = YES;
				CODE_SIGN_IDENTITY = "-";
				COPY_PHASE_STRIP = NO;
				DEBUG_INFORMATION_FORMAT = dwarf;
				ENABLE_STRICT_OBJC_MSGSEND = YES;
				ENABLE_TESTABILITY = YES;
				GCC_C_LANGUAGE_STANDARD = gnu99;
				GCC_DYNAMIC_NO_PIC = NO;
				GCC_NO_COMMON_BLOCKS = YES;
				GCC_OPTIMIZATION_LEVEL = 0;
				GCC_PREPROCESSOR_DEFINITIONS = (
					"DEBUG=1",
					"$(inherited)",
				);
				GCC_WARN_64_TO_32_BIT_CONVERSION = YES;
				GCC_WARN_ABOUT_RETURN_TYPE = YES_ERROR;
				GCC_WARN_UNDECLARED_SELECTOR = YES;
				GCC_WARN_UNINITIALIZED_AUTOS = YES_AGGRESSIVE;
				GCC_WARN_UNUSED_FUNCTION = YES;
				GCC_WARN_UNUSED_VARIABLE = YES;
				HEADER_SEARCH_PATHS = /Users/denas/arch/Darwin_x86_64/include;
				LIBRARY_SEARCH_PATHS = /Users/denas/arch/Darwin_x86_64/lib;
				MACOSX_DEPLOYMENT_TARGET = 10.11;
				MTL_ENABLE_DEBUG_INFO = YES;
				ONLY_ACTIVE_ARCH = YES;
				SDKROOT = macosx;
			};
			name = Debug;
		};
		967C75DB1DB0BCEE009970B6 /* Release */ = {
			isa = XCBuildConfiguration;
			buildSettings = {
				ALWAYS_SEARCH_USER_PATHS = YES;
				CLANG_ANALYZER_NONNULL = YES;
				CLANG_CXX_LANGUAGE_STANDARD = "c++0x";
				CLANG_CXX_LIBRARY = "libc++";
				CLANG_ENABLE_MODULES = YES;
				CLANG_ENABLE_OBJC_ARC = YES;
				CLANG_WARN_BOOL_CONVERSION = YES;
				CLANG_WARN_CONSTANT_CONVERSION = YES;
				CLANG_WARN_DIRECT_OBJC_ISA_USAGE = YES_ERROR;
				CLANG_WARN_DOCUMENTATION_COMMENTS = YES;
				CLANG_WARN_EMPTY_BODY = YES;
				CLANG_WARN_ENUM_CONVERSION = YES;
				CLANG_WARN_INFINITE_RECURSION = YES;
				CLANG_WARN_INT_CONVERSION = YES;
				CLANG_WARN_OBJC_ROOT_CLASS = YES_ERROR;
				CLANG_WARN_SUSPICIOUS_MOVES = YES;
				CLANG_WARN_UNREACHABLE_CODE = YES;
				CLANG_WARN__DUPLICATE_METHOD_MATCH = YES;
				CODE_SIGN_IDENTITY = "-";
				COPY_PHASE_STRIP = NO;
				DEBUG_INFORMATION_FORMAT = "dwarf-with-dsym";
				ENABLE_NS_ASSERTIONS = NO;
				ENABLE_STRICT_OBJC_MSGSEND = YES;
				GCC_C_LANGUAGE_STANDARD = gnu99;
				GCC_NO_COMMON_BLOCKS = YES;
				GCC_WARN_64_TO_32_BIT_CONVERSION = YES;
				GCC_WARN_ABOUT_RETURN_TYPE = YES_ERROR;
				GCC_WARN_UNDECLARED_SELECTOR = YES;
				GCC_WARN_UNINITIALIZED_AUTOS = YES_AGGRESSIVE;
				GCC_WARN_UNUSED_FUNCTION = YES;
				GCC_WARN_UNUSED_VARIABLE = YES;
				HEADER_SEARCH_PATHS = /Users/denas/arch/Darwin_x86_64/include;
				LIBRARY_SEARCH_PATHS = /Users/denas/arch/Darwin_x86_64/lib;
				MACOSX_DEPLOYMENT_TARGET = 10.11;
				MTL_ENABLE_DEBUG_INFO = NO;
				SDKROOT = macosx;
			};
			name = Release;
		};
		967C75FF1DB0C735009970B6 /* Debug */ = {
			isa = XCBuildConfiguration;
			buildSettings = {
				ALWAYS_SEARCH_USER_PATHS = YES;
				CLANG_CXX_LANGUAGE_STANDARD = "gnu++0x";
				PRODUCT_NAME = "$(TARGET_NAME)";
			};
			name = Debug;
		};
		967C76001DB0C735009970B6 /* Release */ = {
			isa = XCBuildConfiguration;
			buildSettings = {
				ALWAYS_SEARCH_USER_PATHS = YES;
				CLANG_CXX_LANGUAGE_STANDARD = "gnu++0x";
				PRODUCT_NAME = "$(TARGET_NAME)";
			};
			name = Release;
		};
		96808DA41DFFBFB500F5D60F /* Debug */ = {
			isa = XCBuildConfiguration;
			buildSettings = {
				ALWAYS_SEARCH_USER_PATHS = NO;
				CLANG_CXX_LANGUAGE_STANDARD = "gnu++0x";
				PRODUCT_NAME = "$(TARGET_NAME)";
			};
			name = Debug;
		};
		96808DA51DFFBFB500F5D60F /* Release */ = {
			isa = XCBuildConfiguration;
			buildSettings = {
				ALWAYS_SEARCH_USER_PATHS = NO;
				CLANG_CXX_LANGUAGE_STANDARD = "gnu++0x";
				PRODUCT_NAME = "$(TARGET_NAME)";
			};
			name = Release;
		};
		96AAD41C1DCD2A2A0054A7DC /* Debug */ = {
			isa = XCBuildConfiguration;
			buildSettings = {
				ALWAYS_SEARCH_USER_PATHS = NO;
				CLANG_CXX_LANGUAGE_STANDARD = "gnu++0x";
				PRODUCT_NAME = "$(TARGET_NAME)";
			};
			name = Debug;
		};
		96AAD41D1DCD2A2A0054A7DC /* Release */ = {
			isa = XCBuildConfiguration;
			buildSettings = {
				ALWAYS_SEARCH_USER_PATHS = NO;
				CLANG_CXX_LANGUAGE_STANDARD = "gnu++0x";
				PRODUCT_NAME = "$(TARGET_NAME)";
			};
			name = Release;
		};
/* End XCBuildConfiguration section */

/* Begin XCConfigurationList section */
		9600B8061E388F82006F2605 /* Build configuration list for PBXNativeTarget "test_select_support" */ = {
			isa = XCConfigurationList;
			buildConfigurations = (
				9600B8041E388F82006F2605 /* Debug */,
				9600B8051E388F82006F2605 /* Release */,
			);
			defaultConfigurationIsVisible = 0;
		};
		9601860F1DDAD50300FFCB38 /* Build configuration list for PBXNativeTarget "bp" */ = {
			isa = XCConfigurationList;
			buildConfigurations = (
				9601860D1DDAD50300FFCB38 /* Debug */,
				9601860E1DDAD50300FFCB38 /* Release */,
			);
			defaultConfigurationIsVisible = 0;
			defaultConfigurationName = Release;
		};
		963BBD621E367D7700E7D9EF /* Build configuration list for PBXNativeTarget "dump_cst" */ = {
			isa = XCConfigurationList;
			buildConfigurations = (
				963BBD601E367D7700E7D9EF /* Debug */,
				963BBD611E367D7700E7D9EF /* Release */,
			);
			defaultConfigurationIsVisible = 0;
			defaultConfigurationName = Release;
		};
		967C75D01DB0BCEE009970B6 /* Build configuration list for PBXProject "fast_ms" */ = {
			isa = XCConfigurationList;
			buildConfigurations = (
				967C75DA1DB0BCEE009970B6 /* Debug */,
				967C75DB1DB0BCEE009970B6 /* Release */,
			);
			defaultConfigurationIsVisible = 0;
			defaultConfigurationName = Release;
		};
		967C75FE1DB0C735009970B6 /* Build configuration list for PBXNativeTarget "fd_ms" */ = {
			isa = XCConfigurationList;
			buildConfigurations = (
				967C75FF1DB0C735009970B6 /* Debug */,
				967C76001DB0C735009970B6 /* Release */,
			);
			defaultConfigurationIsVisible = 0;
			defaultConfigurationName = Release;
		};
		96808DA31DFFBFB500F5D60F /* Build configuration list for PBXNativeTarget "sa" */ = {
			isa = XCConfigurationList;
			buildConfigurations = (
				96808DA41DFFBFB500F5D60F /* Debug */,
				96808DA51DFFBFB500F5D60F /* Release */,
			);
			defaultConfigurationIsVisible = 0;
			defaultConfigurationName = Release;
		};
		96AAD41B1DCD2A2A0054A7DC /* Build configuration list for PBXNativeTarget "etst_wt" */ = {
			isa = XCConfigurationList;
			buildConfigurations = (
				96AAD41C1DCD2A2A0054A7DC /* Debug */,
				96AAD41D1DCD2A2A0054A7DC /* Release */,
			);
			defaultConfigurationIsVisible = 0;
			defaultConfigurationName = Release;
		};
/* End XCConfigurationList section */
	};
	rootObject = 967C75CD1DB0BCEE009970B6 /* Project object */;
}
